{
  "version": 4,
  "terraform_version": "1.15.6",
  "serial": 67,
  "lineage": "c54d2106-158e-8983-7c8e-ab11072774bb",
  "outputs": {
    "alb_dns_name": {
      "value": "shopeasy-alb-1488240479.us-east-1.elb.amazonaws.com",
      "type": "string"
    },
    "alb_http_url": {
      "value": "http://shopeasy-alb-1488240479.us-east-1.elb.amazonaws.com",
      "type": "string"
    },
    "alb_https_url": {
      "value": "https://shopeasy-alb-1488240479.us-east-1.elb.amazonaws.com",
      "type": "string"
    },
    "private_app_subnet_az1_id": {
      "value": "subnet-068764bb3f1bc9f81",
      "type": "string"
    },
    "private_app_subnet_az2_id": {
      "value": "subnet-0ebe2cd1bffadafc2",
      "type": "string"
    },
    "private_db_subnet_az1_id": {
      "value": "subnet-0beade8c8ef6b85eb",
      "type": "string"
    },
    "private_db_subnet_az2_id": {
      "value": "subnet-0c15722a6c6fd80de",
      "type": "string"
    },
    "public_subnet_az1_id": {
      "value": "subnet-0054d55430f8b4731",
      "type": "string"
    },
    "public_subnet_az2_id": {
      "value": "subnet-0e3cc0e59ff26597d",
      "type": "string"
    },
    "rds_endpoint": {
      "value": "shopeasy-rds-mysql.ccl420w8eagx.us-east-1.rds.amazonaws.com:3306",
      "type": "string"
    },
    "rds_secret_name": {
      "value": "shopeasy-rds-credentials",
      "type": "string"
    },
    "vpc_id": {
      "value": "vpc-01f3a99f78d64b8d3",
      "type": "string"
    }
  },
  "resources": [
    {
      "mode": "data",
      "type": "aws_ami",
      "name": "amazon_linux_2023",
      "provider": "provider[\"registry.terraform.io/hashicorp/aws\"]",
      "instances": [
        {
          "schema_version": 0,
          "attributes": {
            "allow_unsafe_filter": null,
            "architecture": "x86_64",
            "arn": "arn:aws:ec2:us-east-1::image/ami-0521cb2d60cfbb1a6",
            "block_device_mappings": [
              {
                "device_name": "/dev/xvda",
                "ebs": {
                  "delete_on_termination": "true",
                  "encrypted": "false",
                  "iops": "3000",
                  "snapshot_id": "snap-08bb176df19e6f6ca",
                  "throughput": "125",
                  "volume_initialization_rate": "0",
                  "volume_size": "8",
                  "volume_type": "gp3"
                },
                "no_device": "",
                "virtual_name": ""
              }
            ],
            "boot_mode": "uefi-preferred",
            "creation_date": "2026-06-11T21:28:13.000Z",
            "deprecation_time": "2026-09-09T23:00:00.000Z",
            "description": "Amazon Linux 2023 AMI 2023.12.20260611.0 x86_64 HVM kernel-6.1",
            "ena_support": true,
            "executable_users": null,
            "filter": [
              {
                "name": "name",
                "values": [
                  "al2023-ami-2023.*-x86_64"
                ]
              },
              {
                "name": "virtualization-type",
                "values": [
                  "hvm"
                ]
              }
            ],
            "hypervisor": "xen",
            "id": "ami-0521cb2d60cfbb1a6",
            "image_id": "ami-0521cb2d60cfbb1a6",
            "image_location": "amazon/al2023-ami-2023.12.20260611.0-kernel-6.1-x86_64",
            "image_owner_alias": "amazon",
            "image_type": "machine",
            "imds_support": "v2.0",
            "include_deprecated": false,
            "kernel_id": "",
            "last_launched_time": "",
            "most_recent": true,
            "name": "al2023-ami-2023.12.20260611.0-kernel-6.1-x86_64",
            "name_regex": null,
            "owner_id": "137112412989",
            "owners": [
              "amazon"
            ],
            "platform": "",
            "platform_details": "Linux/UNIX",
            "product_codes": [],
            "public": true,
            "ramdisk_id": "",
            "region": "us-east-1",
            "root_device_name": "/dev/xvda",
            "root_device_type": "ebs",
            "root_snapshot_id": "snap-08bb176df19e6f6ca",
            "sriov_net_support": "simple",
            "state": "available",
            "state_reason": {
              "code": "UNSET",
              "message": "UNSET"
            },
            "tags": {},
            "timeouts": null,
            "tpm_support": "",
            "uefi_data": null,
            "usage_operation": "RunInstances",
            "virtualization_type": "hvm"
          },
          "sensitive_attributes": [],
          "identity_schema_version": 0
        }
      ]
    },
    {
      "mode": "data",
      "type": "aws_availability_zones",
      "name": "available",
      "provider": "provider[\"registry.terraform.io/hashicorp/aws\"]",
      "instances": [
        {
          "schema_version": 0,
          "attributes": {
            "all_availability_zones": null,
            "exclude_names": null,
            "exclude_zone_ids": null,
            "filter": null,
            "group_names": [
              "us-east-1-zg-1"
            ],
            "id": "us-east-1",
            "names": [
              "us-east-1a",
              "us-east-1b",
              "us-east-1c",
              "us-east-1d",
              "us-east-1e",
              "us-east-1f"
            ],
            "region": "us-east-1",
            "state": "available",
            "timeouts": null,
            "zone_ids": [
              "use1-az1",
              "use1-az2",
              "use1-az4",
              "use1-az6",
              "use1-az3",
              "use1-az5"
            ]
          },
          "sensitive_attributes": [],
          "identity_schema_version": 0
        }
      ]
    },
    {
      "mode": "data",
      "type": "aws_caller_identity",
      "name": "current",
      "provider": "provider[\"registry.terraform.io/hashicorp/aws\"]",
      "instances": [
        {
          "schema_version": 0,
          "attributes": {
            "account_id": "984445750763",
            "arn": "arn:aws:iam::984445750763:user/1221101048",
            "id": "984445750763",
            "user_id": "AIDA6KNMKBXVTJ7RCCNBY"
          },
          "sensitive_attributes": [],
          "identity_schema_version": 0
        }
      ]
    },
    {
      "mode": "managed",
      "type": "aws_acm_certificate",
      "name": "shopeasy_cert",
      "provider": "provider[\"registry.terraform.io/hashicorp/aws\"]",
      "instances": [
        {
          "schema_version": 0,
          "attributes": {
            "arn": "arn:aws:acm:us-east-1:984445750763:certificate/81ee4bde-997c-4748-9840-d1d048c2f65d",
            "certificate_authority_arn": "",
            "certificate_body": "-----BEGIN CERTIFICATE-----\nMIIDGDCCAgCgAwIBAgIRAPX6Yzu6+f+B03BKovtRF9cwDQYJKoZIhvcNAQELBQAw\nLDERMA8GA1UEChMIU2hvcEVhc3kxFzAVBgNVBAMTDnNob3BlYXN5LmxvY2FsMB4X\nDTI2MDYxNjE0MTc0MloXDTI3MDYxNjE0MTc0MlowLDERMA8GA1UEChMIU2hvcEVh\nc3kxFzAVBgNVBAMTDnNob3BlYXN5LmxvY2FsMIIBIjANBgkqhkiG9w0BAQEFAAOC\nAQ8AMIIBCgKCAQEAz5A2cb7/QfxdD6DqUlsI2t+ims7sky08DwKR2D8VFWNWjcKA\nVY8aSZTXQFcJKihePRS9jSyuUlcEgus34svGmdD2Duzp3nX7paws8BFl5ev33mEt\n76foCecUrwhUvD7+tV47Qq5Q0AMuOqMmas3WmDnEGJ0XqUoSxHY6bqi5dOYbrJ7b\nr8S0GvD1ZUnlqYTRsXEYH2qGFM8/+14SYeUqIuO3mK0nrjQ4//CUeDiCXwWIeIKX\nNHL/VeMDC3IoOFdRnmEZS2g+sFSAOWfIK76wKlANDXV2eCDunKELej/bQurxJQib\nBqWUpTGA6bM5/d1aya/UXOXWInFG4PfsTjnz0QIDAQABozUwMzAOBgNVHQ8BAf8E\nBAMCBaAwEwYDVR0lBAwwCgYIKwYBBQUHAwEwDAYDVR0TAQH/BAIwADANBgkqhkiG\n9w0BAQsFAAOCAQEAQKT/AEzDnfd1KnGpZyYuq3xC7dUf0tjYt3iHBcgKcGvEw8Sy\nlK612lTIjqP9M8nhY9kepIZf7xST///7Uwm3okDndgzeW4PF2Lmmrqt1nnGrPwyo\nIpQO3DlWIW/gXZtEjUq+3euKgXAwqztJWk6AZasMkl9k2KXox5tqddAB/Vh7pwFx\nT3C1KcbEkScYRrRt8WoOWDjWwhpvz1hl7pG0Fknukg1d8LvYiQJ3QdF9eD5ky7mj\n07zHxgVH5uyKs48RSwuxNY0gP9AG6eJfPy7PBQnBGPJTttlA4trZVW720A1CXgIH\nEq7euTlfSp4MLgqk3zXjMQHdVs24+OkO4Huapw==\n-----END CERTIFICATE-----\n",
            "certificate_chain": null,
            "domain_name": "shopeasy.local",
            "domain_validation_options": [],
            "early_renewal_duration": "",
            "id": "arn:aws:acm:us-east-1:984445750763:certificate/81ee4bde-997c-4748-9840-d1d048c2f65d",
            "key_algorithm": "RSA_2048",
            "not_after": "2027-06-16T14:17:42Z",
            "not_before": "2026-06-16T14:17:42Z",
            "options": [
              {
                "certificate_transparency_logging_preference": "DISABLED",
                "export": "DISABLED"
              }
            ],
            "pending_renewal": false,
            "private_key": "-----BEGIN RSA PRIVATE KEY-----\nMIIEogIBAAKCAQEAz5A2cb7/QfxdD6DqUlsI2t+ims7sky08DwKR2D8VFWNWjcKA\nVY8aSZTXQFcJKihePRS9jSyuUlcEgus34svGmdD2Duzp3nX7paws8BFl5ev33mEt\n76foCecUrwhUvD7+tV47Qq5Q0AMuOqMmas3WmDnEGJ0XqUoSxHY6bqi5dOYbrJ7b\nr8S0GvD1ZUnlqYTRsXEYH2qGFM8/+14SYeUqIuO3mK0nrjQ4//CUeDiCXwWIeIKX\nNHL/VeMDC3IoOFdRnmEZS2g+sFSAOWfIK76wKlANDXV2eCDunKELej/bQurxJQib\nBqWUpTGA6bM5/d1aya/UXOXWInFG4PfsTjnz0QIDAQABAoIBABPI9FedVCmPC7Pc\nq9lT0iFC5fYJuWVCD5KCtTI+uRzDzlFO8/qz3FadOHNqmHYLSQhbfMIDO06f+s8b\n6sTUlca9s2ay0IwjBOzC37m2ftcOyh7Jdp58i9K90yvoCGO1QYQ6Sj3N7egWFYcD\nXDscCdOS1g1elA3QAL/3YRSBQsRQqrb6uY3UUl5UrSnYGGFVZjbZX4UjEl6uZZvz\n5whhLvfN4cXHT5wxvsXPqPOy+lJxZezOcNAEsTAuGkUfmVuFVaiYexmUSrIFXcJn\niQBNUjuHTI9CqAQFLPhXseVRmO8xdgRU3Imqdk6ZouVyn/+URMKZgMiiSqWtxG3o\nvW2orZECgYEA/an1qK/qv//819q8TRt5mrQ5LkNEHR6N5lw865FGa2ZlGr5LP0wU\noxvMcvWMpqfyrDwMzch4MpwvKHK8mxyuT28/cg/5hE2julVpu+FEuwwTPec1neXo\nAw0qSCwEI8TH9fYewdAySJyieKJ0FmeBVbb9KkKDtY3obN3Nb2j07hUCgYEA0XmQ\n4FyX7VueHqrVoQUjx7gaRSRKfgkdkBw4Lstdp7TL6u7o63ofdsPKWqmQXCtNsSh8\n7tFCwGVQQT3H2XLBLd8NLQc/1giyVthXkmyO6swiKzUyuJ7Lljgw4f+yLbpHUlCF\nk5uMFz/CunRYCU+eGyqehxnOd0tebuee5bSKWc0CgYBZZeHPHpiULCq3BD7iyfEU\nhbm1RT2nKZKHAjDyMJPp2/976l7oou6PAYgPZ9y3C2+qJcu5ZpJ9+69fCPjRjc0c\n768jit+8MgSm8d0+usiXR00svuSVjmYzVRt2rhSTapGybJgwZCikkJdt/or9LmNV\nixU0JJb4kFe+rnjtb8cKdQKBgD2kvqOn2/W3nmJ79335Gzxsyx5Jvbo1SIPeKhJr\nOlZd+BxcziJtv9CdcXEYsSjOfYCC37EP18ryhZmNasBs6rhrCV+U4I5F5OV1qN+o\nHq6t/+gjMZfu8w5z3r7DFlYqmU5577Uucx1sYAuqrTWgPnDUK+6qA35LqbCNbM9A\nP+6JAoGADLvZ+zECyf/RcOVbkj/4rGlHRLuflKVkBBAqOHM+cslk7RWRhMF/uoSX\neFhwNHy0u/0kXy4E1Q2QmVoOk+Yb57MiZVRzy9aiRAyWOFJgQUtCR6V17Bxh/nwP\nz0o2eI9jvUtST1Lzn8S/QjMJz6JF+VZbxi11XFh2qmq58UggVjQ=\n-----END RSA PRIVATE KEY-----\n",
            "private_key_wo": null,
            "private_key_wo_version": null,
            "region": "us-east-1",
            "renewal_eligibility": "INELIGIBLE",
            "renewal_summary": [],
            "status": "ISSUED",
            "subject_alternative_names": [
              "shopeasy.local"
            ],
            "tags": {
              "Name": "shopeasy-acm-certificate"
            },
            "tags_all": {
              "Name": "shopeasy-acm-certificate"
            },
            "type": "IMPORTED",
            "validation_emails": [],
            "validation_method": "NONE",
            "validation_option": []
          },
          "sensitive_attributes": [
            [
              {
                "type": "get_attr",
                "value": "private_key"
              }
            ]
          ],
          "identity_schema_version": 0,
          "identity": {
            "arn": "arn:aws:acm:us-east-1:984445750763:certificate/81ee4bde-997c-4748-9840-d1d048c2f65d"
          },
          "private": "bnVsbA==",
          "dependencies": [
            "tls_private_key.shopeasy_tls_key",
            "tls_self_signed_cert.shopeasy_tls_cert"
          ]
        }
      ]
    },
    {
      "mode": "managed",
      "type": "aws_autoscaling_group",
      "name": "shopeasy_asg",
      "provider": "provider[\"registry.terraform.io/hashicorp/aws\"]",
      "instances": [
        {
          "status": "tainted",
          "schema_version": 1,
          "attributes": {
            "arn": null,
            "availability_zone_distribution": null,
            "availability_zones": [],
            "capacity_rebalance": null,
            "capacity_reservation_specification": null,
            "context": null,
            "default_cooldown": null,
            "default_instance_warmup": null,
            "desired_capacity": 2,
            "desired_capacity_type": null,
            "enabled_metrics": null,
            "force_delete": false,
            "force_delete_warm_pool": false,
            "health_check_grace_period": 300,
            "health_check_type": "ELB",
            "id": "shopeasy-asg",
            "ignore_failed_scaling_activities": false,
            "initial_lifecycle_hook": [],
            "instance_maintenance_policy": [],
            "instance_refresh": [],
            "launch_configuration": null,
            "launch_template": [
              {
                "id": "lt-0f77b987ea657db03",
                "name": "",
                "version": "$Latest"
              }
            ],
            "load_balancers": [],
            "max_instance_lifetime": null,
            "max_size": 2,
            "metrics_granularity": "1Minute",
            "min_elb_capacity": null,
            "min_size": 2,
            "mixed_instances_policy": null,
            "name": "shopeasy-asg",
            "name_prefix": null,
            "placement_group": null,
            "predicted_capacity": null,
            "protect_from_scale_in": false,
            "region": "us-east-1",
            "service_linked_role_arn": null,
            "suspended_processes": null,
            "tag": [
              {
                "key": "Name",
                "propagate_at_launch": true,
                "value": "shopeasy-ec2-app-server"
              }
            ],
            "target_group_arns": [
              "arn:aws:elasticloadbalancing:us-east-1:984445750763:targetgroup/shopeasy-tg/9ea71eb87cf403e3"
            ],
            "termination_policies": null,
            "timeouts": null,
            "traffic_source": [],
            "vpc_zone_identifier": [
              "subnet-068764bb3f1bc9f81",
              "subnet-0ebe2cd1bffadafc2"
            ],
            "wait_for_capacity_timeout": "10m",
            "wait_for_elb_capacity": null,
            "warm_pool": [],
            "warm_pool_size": null
          },
          "sensitive_attributes": [],
          "identity_schema_version": 0,
          "private": "eyJlMmJmYjczMC1lY2FhLTExZTYtOGY4OC0zNDM2M2JjN2M0YzAiOnsiZGVsZXRlIjo2MDAwMDAwMDAwMDAsInVwZGF0ZSI6NjAwMDAwMDAwMDAwfSwic2NoZW1hX3ZlcnNpb24iOiIxIn0=",
          "dependencies": [
            "aws_iam_instance_profile.ec2_instance_profile",
            "aws_iam_role.ec2_role",
            "aws_launch_template.shopeasy_lt",
            "aws_lb_target_group.shopeasy_tg",
            "aws_security_group.alb_sg",
            "aws_security_group.ec2_sg",
            "aws_subnet.private_app_az1",
            "aws_subnet.private_app_az2",
            "aws_vpc.shopeasy_vpc",
            "data.aws_ami.amazon_linux_2023",
            "data.aws_availability_zones.available"
          ]
        }
      ]
    },
    {
      "mode": "managed",
      "type": "aws_cloudtrail",
      "name": "shopeasy_trail",
      "provider": "provider[\"registry.terraform.io/hashicorp/aws\"]",
      "instances": [
        {
          "schema_version": 1,
          "attributes": {
            "advanced_event_selector": [],
            "arn": "arn:aws:cloudtrail:us-east-1:984445750763:trail/shopeasy-cloudtrail",
            "cloud_watch_logs_group_arn": "",
            "cloud_watch_logs_role_arn": "",
            "enable_log_file_validation": true,
            "enable_logging": true,
            "event_selector": [],
            "home_region": "us-east-1",
            "id": "arn:aws:cloudtrail:us-east-1:984445750763:trail/shopeasy-cloudtrail",
            "include_global_service_events": true,
            "insight_selector": [],
            "is_multi_region_trail": true,
            "is_organization_trail": false,
            "kms_key_id": "arn:aws:kms:us-east-1:984445750763:key/0103815e-0eab-42e1-96fb-a8c192b5d956",
            "name": "shopeasy-cloudtrail",
            "region": "us-east-1",
            "s3_bucket_name": "shopeasy-logs-984445750763-us-east-1",
            "s3_key_prefix": "",
            "sns_topic_arn": "",
            "sns_topic_name": "",
            "tags": {
              "Name": "shopeasy-cloudtrail"
            },
            "tags_all": {
              "Name": "shopeasy-cloudtrail"
            }
          },
          "sensitive_attributes": [],
          "identity_schema_version": 0,
          "identity": {
            "arn": "arn:aws:cloudtrail:us-east-1:984445750763:trail/shopeasy-cloudtrail"
          },
          "private": "eyJzY2hlbWFfdmVyc2lvbiI6IjEifQ==",
          "dependencies": [
            "aws_kms_key.shopeasy_kms",
            "aws_s3_bucket.shopeasy_logs",
            "aws_s3_bucket_policy.cloudtrail_bucket_policy",
            "data.aws_caller_identity.current"
          ]
        }
      ]
    },
    {
      "mode": "managed",
      "type": "aws_cloudwatch_log_group",
      "name": "shopeasy_app_logs",
      "provider": "provider[\"registry.terraform.io/hashicorp/aws\"]",
      "instances": [
        {
          "schema_version": 0,
          "attributes": {
            "arn": "arn:aws:logs:us-east-1:984445750763:log-group:/shopeasy/application",
            "deletion_protection_enabled": false,
            "id": "/shopeasy/application",
            "kms_key_id": "",
            "log_group_class": "STANDARD",
            "name": "/shopeasy/application",
            "name_prefix": "",
            "region": "us-east-1",
            "retention_in_days": 30,
            "skip_destroy": false,
            "tags": {
              "Name": "shopeasy-application-logs"
            },
            "tags_all": {
              "Name": "shopeasy-application-logs"
            }
          },
          "sensitive_attributes": [],
          "identity_schema_version": 0,
          "identity": {
            "account_id": "984445750763",
            "name": "/shopeasy/application",
            "region": "us-east-1"
          },
          "private": "bnVsbA=="
        }
      ]
    },
    {
      "mode": "managed",
      "type": "aws_cloudwatch_metric_alarm",
      "name": "ec2_high_cpu",
      "provider": "provider[\"registry.terraform.io/hashicorp/aws\"]",
      "instances": [
        {
          "schema_version": 1,
          "attributes": {
            "actions_enabled": true,
            "alarm_actions": [],
            "alarm_description": "Alarm when EC2 CPU utilization is higher than 80 percent",
            "alarm_name": "shopeasy-ec2-high-cpu",
            "arn": "arn:aws:cloudwatch:us-east-1:984445750763:alarm:shopeasy-ec2-high-cpu",
            "comparison_operator": "GreaterThanThreshold",
            "datapoints_to_alarm": 0,
            "dimensions": {},
            "evaluate_low_sample_count_percentiles": "",
            "evaluation_criteria": [],
            "evaluation_interval": 0,
            "evaluation_periods": 2,
            "extended_statistic": "",
            "id": "shopeasy-ec2-high-cpu",
            "insufficient_data_actions": [],
            "metric_name": "CPUUtilization",
            "metric_query": [],
            "namespace": "AWS/EC2",
            "ok_actions": [],
            "period": 300,
            "region": "us-east-1",
            "statistic": "Average",
            "tags": {
              "Name": "shopeasy-ec2-high-cpu-alarm"
            },
            "tags_all": {
              "Name": "shopeasy-ec2-high-cpu-alarm"
            },
            "threshold": 80,
            "threshold_metric_id": "",
            "treat_missing_data": "notBreaching",
            "unit": ""
          },
          "sensitive_attributes": [],
          "identity_schema_version": 0,
          "identity": {
            "account_id": "984445750763",
            "alarm_name": "shopeasy-ec2-high-cpu",
            "region": "us-east-1"
          },
          "private": "eyJzY2hlbWFfdmVyc2lvbiI6IjEifQ=="
        }
      ]
    },
    {
      "mode": "managed",
      "type": "aws_db_instance",
      "name": "shopeasy_rds",
      "provider": "provider[\"registry.terraform.io/hashicorp/aws\"]",
      "instances": [
        {
          "schema_version": 2,
          "attributes": {
            "address": "shopeasy-rds-mysql.ccl420w8eagx.us-east-1.rds.amazonaws.com",
            "allocated_storage": 20,
            "allow_major_version_upgrade": null,
            "apply_immediately": false,
            "arn": "arn:aws:rds:us-east-1:984445750763:db:shopeasy-rds-mysql",
            "auto_minor_version_upgrade": true,
            "availability_zone": "us-east-1a",
            "backup_retention_period": 1,
            "backup_target": "region",
            "backup_window": "04:38-05:08",
            "blue_green_update": [],
            "ca_cert_identifier": "rds-ca-rsa2048-g1",
            "character_set_name": "",
            "copy_tags_to_snapshot": false,
            "custom_iam_instance_profile": "",
            "customer_owned_ip_enabled": false,
            "database_insights_mode": "standard",
            "db_name": "shopeasy_db",
            "db_subnet_group_name": "shopeasy-db-subnet-group",
            "dedicated_log_volume": false,
            "delete_automated_backups": true,
            "deletion_protection": false,
            "domain": "",
            "domain_auth_secret_arn": "",
            "domain_dns_ips": [],
            "domain_fqdn": "",
            "domain_iam_role_name": "",
            "domain_ou": "",
            "enabled_cloudwatch_logs_exports": [],
            "endpoint": "shopeasy-rds-mysql.ccl420w8eagx.us-east-1.rds.amazonaws.com:3306",
            "engine": "mysql",
            "engine_lifecycle_support": "open-source-rds-extended-support",
            "engine_version": "8.0",
            "engine_version_actual": "8.0.45",
            "final_snapshot_identifier": null,
            "hosted_zone_id": "Z2R2ITUGPM61AM",
            "iam_database_authentication_enabled": false,
            "id": "db-LZSCE7YONWE44CQJ5CVQI5N2IU",
            "identifier": "shopeasy-rds-mysql",
            "identifier_prefix": "",
            "instance_class": "db.t3.micro",
            "iops": 3000,
            "kms_key_id": "arn:aws:kms:us-east-1:984445750763:key/0103815e-0eab-42e1-96fb-a8c192b5d956",
            "latest_restorable_time": "2026-06-16T14:16:28Z",
            "license_model": "general-public-license",
            "listener_endpoint": [],
            "maintenance_window": "tue:06:50-tue:07:20",
            "manage_master_user_password": null,
            "master_user_secret": [],
            "master_user_secret_kms_key_id": null,
            "max_allocated_storage": 50,
            "monitoring_interval": 0,
            "monitoring_role_arn": "",
            "multi_az": false,
            "nchar_character_set_name": "",
            "network_type": "IPV4",
            "option_group_name": "default:mysql-8-0",
            "parameter_group_name": "default.mysql8.0",
            "password": "ShopEasyDB2026!",
            "password_wo": null,
            "password_wo_version": null,
            "performance_insights_enabled": false,
            "performance_insights_kms_key_id": "",
            "performance_insights_retention_period": 0,
            "port": 3306,
            "publicly_accessible": false,
            "region": "us-east-1",
            "replica_mode": "",
            "replicas": [],
            "replicate_source_db": "",
            "resource_id": "db-LZSCE7YONWE44CQJ5CVQI5N2IU",
            "restore_to_point_in_time": [],
            "s3_import": [],
            "skip_final_snapshot": true,
            "snapshot_identifier": null,
            "status": "available",
            "storage_encrypted": true,
            "storage_throughput": 125,
            "storage_type": "gp3",
            "tags": {
              "Name": "shopeasy-rds-mysql"
            },
            "tags_all": {
              "Name": "shopeasy-rds-mysql"
            },
            "timeouts": null,
            "timezone": "",
            "upgrade_rollout_order": "second",
            "upgrade_storage_config": null,
            "username": "shopeasyadmin",
            "vpc_security_group_ids": [
              "sg-049cab4a326d5d2a9"
            ]
          },
          "sensitive_attributes": [
            [
              {
                "type": "get_attr",
                "value": "password"
              }
            ],
            [
              {
                "type": "get_attr",
                "value": "password_wo"
              }
            ]
          ],
          "identity_schema_version": 0,
          "private": "eyJlMmJmYjczMC1lY2FhLTExZTYtOGY4OC0zNDM2M2JjN2M0YzAiOnsiY3JlYXRlIjozMDAwMDAwMDAwMDAwLCJkZWxldGUiOjM2MDAwMDAwMDAwMDAsInVwZGF0ZSI6NDgwMDAwMDAwMDAwMH0sInNjaGVtYV92ZXJzaW9uIjoiMiJ9",
          "dependencies": [
            "aws_db_subnet_group.shopeasy_db_subnet_group",
            "aws_kms_key.shopeasy_kms",
            "aws_security_group.alb_sg",
            "aws_security_group.ec2_sg",
            "aws_security_group.rds_sg",
            "aws_subnet.private_db_az1",
            "aws_subnet.private_db_az2",
            "aws_vpc.shopeasy_vpc",
            "data.aws_availability_zones.available",
            "data.aws_caller_identity.current"
          ]
        }
      ]
    },
    {
      "mode": "managed",
      "type": "aws_db_subnet_group",
      "name": "shopeasy_db_subnet_group",
      "provider": "provider[\"registry.terraform.io/hashicorp/aws\"]",
      "instances": [
        {
          "schema_version": 0,
          "attributes": {
            "arn": "arn:aws:rds:us-east-1:984445750763:subgrp:shopeasy-db-subnet-group",
            "description": "Managed by Terraform",
            "id": "shopeasy-db-subnet-group",
            "name": "shopeasy-db-subnet-group",
            "name_prefix": "",
            "region": "us-east-1",
            "subnet_ids": [
              "subnet-0beade8c8ef6b85eb",
              "subnet-0c15722a6c6fd80de"
            ],
            "supported_network_types": [
              "IPV4"
            ],
            "tags": {
              "Name": "shopeasy-db-subnet-group"
            },
            "tags_all": {
              "Name": "shopeasy-db-subnet-group"
            },
            "vpc_id": "vpc-01f3a99f78d64b8d3"
          },
          "sensitive_attributes": [],
          "identity_schema_version": 0,
          "identity": {
            "account_id": "984445750763",
            "name": "shopeasy-db-subnet-group",
            "region": "us-east-1"
          },
          "private": "bnVsbA==",
          "dependencies": [
            "aws_subnet.private_db_az1",
            "aws_subnet.private_db_az2",
            "aws_vpc.shopeasy_vpc",
            "data.aws_availability_zones.available"
          ]
        }
      ]
    },
    {
      "mode": "managed",
      "type": "aws_iam_instance_profile",
      "name": "ec2_instance_profile",
      "provider": "provider[\"registry.terraform.io/hashicorp/aws\"]",
      "instances": [
        {
          "schema_version": 0,
          "attributes": {
            "arn": "arn:aws:iam::984445750763:instance-profile/shopeasy-ec2-instance-profile",
            "create_date": "2026-06-16T12:57:29Z",
            "id": "shopeasy-ec2-instance-profile",
            "name": "shopeasy-ec2-instance-profile",
            "name_prefix": "",
            "path": "/",
            "role": "shopeasy-ec2-role",
            "tags": {},
            "tags_all": {},
            "unique_id": "AIPA6KNMKBXVUNLQ4NTOS"
          },
          "sensitive_attributes": [],
          "identity_schema_version": 0,
          "identity": {
            "account_id": "984445750763",
            "name": "shopeasy-ec2-instance-profile"
          },
          "private": "bnVsbA==",
          "dependencies": [
            "aws_iam_role.ec2_role"
          ]
        }
      ]
    },
    {
      "mode": "managed",
      "type": "aws_iam_policy",
      "name": "ec2_secrets_access",
      "provider": "provider[\"registry.terraform.io/hashicorp/aws\"]",
      "instances": [
        {
          "schema_version": 0,
          "attributes": {
            "arn": "arn:aws:iam::984445750763:policy/shopeasy-ec2-secrets-access",
            "attachment_count": 1,
            "delay_after_policy_creation_in_ms": null,
            "description": "Allow EC2 to read ShopEasy RDS credentials from Secrets Manager",
            "id": "arn:aws:iam::984445750763:policy/shopeasy-ec2-secrets-access",
            "name": "shopeasy-ec2-secrets-access",
            "name_prefix": "",
            "path": "/",
            "policy": "{\"Statement\":[{\"Action\":[\"secretsmanager:GetSecretValue\"],\"Effect\":\"Allow\",\"Resource\":\"arn:aws:secretsmanager:us-east-1:984445750763:secret:shopeasy-rds-credentials-3cjbdM\"},{\"Action\":[\"kms:Decrypt\"],\"Effect\":\"Allow\",\"Resource\":\"arn:aws:kms:us-east-1:984445750763:key/0103815e-0eab-42e1-96fb-a8c192b5d956\"}],\"Version\":\"2012-10-17\"}",
            "policy_id": "ANPA6KNMKBXVVMBOZSXJ2",
            "tags": {},
            "tags_all": {}
          },
          "sensitive_attributes": [],
          "identity_schema_version": 0,
          "identity": {
            "arn": "arn:aws:iam::984445750763:policy/shopeasy-ec2-secrets-access"
          },
          "private": "bnVsbA==",
          "dependencies": [
            "aws_kms_key.shopeasy_kms",
            "aws_secretsmanager_secret.rds_credentials",
            "data.aws_caller_identity.current"
          ]
        }
      ]
    },
    {
      "mode": "managed",
      "type": "aws_iam_role",
      "name": "ec2_role",
      "provider": "provider[\"registry.terraform.io/hashicorp/aws\"]",
      "instances": [
        {
          "schema_version": 0,
          "attributes": {
            "arn": "arn:aws:iam::984445750763:role/shopeasy-ec2-role",
            "assume_role_policy": "{\"Statement\":[{\"Action\":\"sts:AssumeRole\",\"Effect\":\"Allow\",\"Principal\":{\"Service\":\"ec2.amazonaws.com\"}}],\"Version\":\"2012-10-17\"}",
            "create_date": "2026-06-16T12:57:27Z",
            "description": "",
            "force_detach_policies": false,
            "id": "shopeasy-ec2-role",
            "inline_policy": [],
            "managed_policy_arns": [
              "arn:aws:iam::984445750763:policy/shopeasy-ec2-secrets-access",
              "arn:aws:iam::aws:policy/AmazonSSMManagedInstanceCore",
              "arn:aws:iam::aws:policy/CloudWatchAgentServerPolicy"
            ],
            "max_session_duration": 3600,
            "name": "shopeasy-ec2-role",
            "name_prefix": "",
            "path": "/",
            "permissions_boundary": "",
            "tags": {
              "Name": "shopeasy-ec2-role"
            },
            "tags_all": {
              "Name": "shopeasy-ec2-role"
            },
            "unique_id": "AROA6KNMKBXVVQXQFVVJM"
          },
          "sensitive_attributes": [],
          "identity_schema_version": 0,
          "identity": {
            "account_id": "984445750763",
            "name": "shopeasy-ec2-role"
          },
          "private": "bnVsbA=="
        }
      ]
    },
    {
      "mode": "managed",
      "type": "aws_iam_role_policy_attachment",
      "name": "cloudwatch_agent",
      "provider": "provider[\"registry.terraform.io/hashicorp/aws\"]",
      "instances": [
        {
          "schema_version": 0,
          "attributes": {
            "id": "shopeasy-ec2-role/arn:aws:iam::aws:policy/CloudWatchAgentServerPolicy",
            "policy_arn": "arn:aws:iam::aws:policy/CloudWatchAgentServerPolicy",
            "role": "shopeasy-ec2-role"
          },
          "sensitive_attributes": [],
          "identity_schema_version": 0,
          "identity": {
            "account_id": "984445750763",
            "policy_arn": "arn:aws:iam::aws:policy/CloudWatchAgentServerPolicy",
            "role": "shopeasy-ec2-role"
          },
          "private": "bnVsbA==",
          "dependencies": [
            "aws_iam_role.ec2_role"
          ]
        }
      ]
    },
    {
      "mode": "managed",
      "type": "aws_iam_role_policy_attachment",
      "name": "ec2_secrets_access_attach",
      "provider": "provider[\"registry.terraform.io/hashicorp/aws\"]",
      "instances": [
        {
          "schema_version": 0,
          "attributes": {
            "id": "shopeasy-ec2-role/arn:aws:iam::984445750763:policy/shopeasy-ec2-secrets-access",
            "policy_arn": "arn:aws:iam::984445750763:policy/shopeasy-ec2-secrets-access",
            "role": "shopeasy-ec2-role"
          },
          "sensitive_attributes": [],
          "identity_schema_version": 0,
          "identity": {
            "account_id": "984445750763",
            "policy_arn": "arn:aws:iam::984445750763:policy/shopeasy-ec2-secrets-access",
            "role": "shopeasy-ec2-role"
          },
          "private": "bnVsbA==",
          "dependencies": [
            "aws_iam_policy.ec2_secrets_access",
            "aws_iam_role.ec2_role",
            "aws_kms_key.shopeasy_kms",
            "aws_secretsmanager_secret.rds_credentials",
            "data.aws_caller_identity.current"
          ]
        }
      ]
    },
    {
      "mode": "managed",
      "type": "aws_iam_role_policy_attachment",
      "name": "ssm_core",
      "provider": "provider[\"registry.terraform.io/hashicorp/aws\"]",
      "instances": [
        {
          "schema_version": 0,
          "attributes": {
            "id": "shopeasy-ec2-role/arn:aws:iam::aws:policy/AmazonSSMManagedInstanceCore",
            "policy_arn": "arn:aws:iam::aws:policy/AmazonSSMManagedInstanceCore",
            "role": "shopeasy-ec2-role"
          },
          "sensitive_attributes": [],
          "identity_schema_version": 0,
          "identity": {
            "account_id": "984445750763",
            "policy_arn": "arn:aws:iam::aws:policy/AmazonSSMManagedInstanceCore",
            "role": "shopeasy-ec2-role"
          },
          "private": "bnVsbA==",
          "dependencies": [
            "aws_iam_role.ec2_role"
          ]
        }
      ]
    },
    {
      "mode": "managed",
      "type": "aws_internet_gateway",
      "name": "shopeasy_igw",
      "provider": "provider[\"registry.terraform.io/hashicorp/aws\"]",
      "instances": [
        {
          "schema_version": 0,
          "attributes": {
            "arn": "arn:aws:ec2:us-east-1:984445750763:internet-gateway/igw-0fd0ed77753eecdf3",
            "id": "igw-0fd0ed77753eecdf3",
            "owner_id": "984445750763",
            "region": "us-east-1",
            "tags": {
              "Name": "shopeasy-igw"
            },
            "tags_all": {
              "Name": "shopeasy-igw"
            },
            "timeouts": null,
            "vpc_id": "vpc-01f3a99f78d64b8d3"
          },
          "sensitive_attributes": [],
          "identity_schema_version": 0,
          "identity": {
            "account_id": "984445750763",
            "id": "igw-0fd0ed77753eecdf3",
            "region": "us-east-1"
          },
          "private": "eyJlMmJmYjczMC1lY2FhLTExZTYtOGY4OC0zNDM2M2JjN2M0YzAiOnsiY3JlYXRlIjoxMjAwMDAwMDAwMDAwLCJkZWxldGUiOjEyMDAwMDAwMDAwMDAsInVwZGF0ZSI6MTIwMDAwMDAwMDAwMH19",
          "dependencies": [
            "aws_vpc.shopeasy_vpc"
          ]
        }
      ]
    },
    {
      "mode": "managed",
      "type": "aws_kms_alias",
      "name": "shopeasy_kms_alias",
      "provider": "provider[\"registry.terraform.io/hashicorp/aws\"]",
      "instances": [
        {
          "schema_version": 0,
          "attributes": {
            "arn": "arn:aws:kms:us-east-1:984445750763:alias/shopeasy-kms",
            "id": "alias/shopeasy-kms",
            "name": "alias/shopeasy-kms",
            "name_prefix": "",
            "region": "us-east-1",
            "target_key_arn": "arn:aws:kms:us-east-1:984445750763:key/0103815e-0eab-42e1-96fb-a8c192b5d956",
            "target_key_id": "0103815e-0eab-42e1-96fb-a8c192b5d956"
          },
          "sensitive_attributes": [],
          "identity_schema_version": 0,
          "identity": {
            "account_id": "984445750763",
            "name": "alias/shopeasy-kms",
            "region": "us-east-1"
          },
          "private": "bnVsbA==",
          "dependencies": [
            "aws_kms_key.shopeasy_kms",
            "data.aws_caller_identity.current"
          ]
        }
      ]
    },
    {
      "mode": "managed",
      "type": "aws_kms_key",
      "name": "shopeasy_kms",
      "provider": "provider[\"registry.terraform.io/hashicorp/aws\"]",
      "instances": [
        {
          "schema_version": 0,
          "attributes": {
            "arn": "arn:aws:kms:us-east-1:984445750763:key/0103815e-0eab-42e1-96fb-a8c192b5d956",
            "bypass_policy_lockout_safety_check": false,
            "custom_key_store_id": "",
            "customer_master_key_spec": "SYMMETRIC_DEFAULT",
            "deletion_window_in_days": 7,
            "description": "KMS key for ShopEasy encrypted resources",
            "enable_key_rotation": true,
            "id": "0103815e-0eab-42e1-96fb-a8c192b5d956",
            "is_enabled": true,
            "key_id": "0103815e-0eab-42e1-96fb-a8c192b5d956",
            "key_usage": "ENCRYPT_DECRYPT",
            "multi_region": false,
            "policy": "{\"Statement\":[{\"Action\":\"kms:*\",\"Effect\":\"Allow\",\"Principal\":{\"AWS\":\"arn:aws:iam::984445750763:root\"},\"Resource\":\"*\",\"Sid\":\"EnableRootPermissions\"},{\"Action\":[\"kms:GenerateDataKey*\",\"kms:DescribeKey\"],\"Condition\":{\"StringLike\":{\"kms:EncryptionContext:aws:cloudtrail:arn\":\"arn:aws:cloudtrail:*:984445750763:trail/*\"}},\"Effect\":\"Allow\",\"Principal\":{\"Service\":\"cloudtrail.amazonaws.com\"},\"Resource\":\"*\",\"Sid\":\"AllowCloudTrailToUseKMS\"}],\"Version\":\"2012-10-17\"}",
            "region": "us-east-1",
            "rotation_period_in_days": 365,
            "tags": {
              "Name": "shopeasy-kms-key"
            },
            "tags_all": {
              "Name": "shopeasy-kms-key"
            },
            "timeouts": null,
            "xks_key_id": ""
          },
          "sensitive_attributes": [],
          "identity_schema_version": 0,
          "identity": {
            "account_id": "984445750763",
            "id": "0103815e-0eab-42e1-96fb-a8c192b5d956",
            "region": "us-east-1"
          },
          "private": "eyJlMmJmYjczMC1lY2FhLTExZTYtOGY4OC0zNDM2M2JjN2M0YzAiOnsiY3JlYXRlIjoxMjAwMDAwMDAwMDB9fQ==",
          "dependencies": [
            "data.aws_caller_identity.current"
          ]
        }
      ]
    },
    {
      "mode": "managed",
      "type": "aws_launch_template",
      "name": "shopeasy_lt",
      "provider": "provider[\"registry.terraform.io/hashicorp/aws\"]",
      "instances": [
        {
          "schema_version": 1,
          "attributes": {
            "arn": "arn:aws:ec2:us-east-1:984445750763:launch-template/lt-0f77b987ea657db03",
            "block_device_mappings": [],
            "capacity_reservation_specification": [],
            "cpu_options": [],
            "credit_specification": [],
            "default_version": 1,
            "description": "",
            "disable_api_stop": false,
            "disable_api_termination": false,
            "ebs_optimized": "",
            "enclave_options": [],
            "hibernation_options": [],
            "iam_instance_profile": [
              {
                "arn": "",
                "name": "shopeasy-ec2-instance-profile"
              }
            ],
            "id": "lt-0f77b987ea657db03",
            "image_id": "ami-0521cb2d60cfbb1a6",
            "instance_initiated_shutdown_behavior": "",
            "instance_market_options": [],
            "instance_requirements": [],
            "instance_type": "t2.micro",
            "kernel_id": "",
            "key_name": "",
            "latest_version": 1,
            "license_specification": [],
            "maintenance_options": [],
            "metadata_options": [
              {
                "http_endpoint": "",
                "http_protocol_ipv6": "",
                "http_put_response_hop_limit": 0,
                "http_tokens": "required",
                "instance_metadata_tags": ""
              }
            ],
            "monitoring": [],
            "name": "shopeasy-app-20260616141743358700000001",
            "name_prefix": "shopeasy-app-",
            "network_interfaces": [
              {
                "associate_carrier_ip_address": "",
                "associate_public_ip_address": "false",
                "connection_tracking_specification": [],
                "delete_on_termination": "",
                "description": "",
                "device_index": 0,
                "ena_srd_specification": [],
                "interface_type": "",
                "ipv4_address_count": 0,
                "ipv4_addresses": null,
                "ipv4_prefix_count": 0,
                "ipv4_prefixes": null,
                "ipv6_address_count": 0,
                "ipv6_addresses": null,
                "ipv6_prefix_count": 0,
                "ipv6_prefixes": null,
                "network_card_index": 0,
                "network_interface_id": "",
                "primary_ipv6": "",
                "private_ip_address": "",
                "security_groups": [
                  "sg-0b7e6af80455d94b0"
                ],
                "subnet_id": ""
              }
            ],
            "network_performance_options": [],
            "placement": [],
            "private_dns_name_options": [],
            "ram_disk_id": "",
            "region": "us-east-1",
            "secondary_interfaces": [],
            "security_group_names": null,
            "tag_specifications": [
              {
                "resource_type": "instance",
                "tags": {
                  "Name": "shopeasy-ec2-app-server"
                }
              }
            ],
            "tags": null,
            "tags_all": {},
            "update_default_version": null,
            "user_data": "IyEvYmluL2Jhc2gNCmNhdCA+IC9ob21lL2VjMi11c2VyL2luZGV4Lmh0bWwgPDwnSFRNTCcNCjxodG1sPg0KICA8aGVhZD48dGl0bGU+U2hvcEVhc3kgQVdTPC90aXRsZT48L2hlYWQ+DQogIDxib2R5Pg0KICAgIDxoMT5TaG9wRWFzeSBBcHBsaWNhdGlvbiBTZXJ2ZXI8L2gxPg0KICAgIDxwPlRoaXMgRUMyIGluc3RhbmNlIGlzIHJ1bm5pbmcgaW5zaWRlIGEgcHJpdmF0ZSBhcHAgc3VibmV0LjwvcD4NCiAgICA8cD5UcmFmZmljIHJlYWNoZXMgdGhpcyBzZXJ2ZXIgb25seSB0aHJvdWdoIHRoZSBBcHBsaWNhdGlvbiBMb2FkIEJhbGFuY2VyLjwvcD4NCiAgPC9ib2R5Pg0KPC9odG1sPg0KSFRNTA0KDQpjZCAvaG9tZS9lYzItdXNlcg0Kbm9odXAgcHl0aG9uMyAtbSBodHRwLnNlcnZlciA4MCAtLWJpbmQgMC4wLjAuMCA+IC92YXIvbG9nL3Nob3BlYXN5LWh0dHAubG9nIDI+JjEgJg0K",
            "vpc_security_group_ids": null
          },
          "sensitive_attributes": [],
          "identity_schema_version": 0,
          "identity": {
            "account_id": "984445750763",
            "id": "lt-0f77b987ea657db03",
            "region": "us-east-1"
          },
          "private": "eyJzY2hlbWFfdmVyc2lvbiI6IjEifQ==",
          "dependencies": [
            "aws_iam_instance_profile.ec2_instance_profile",
            "aws_iam_role.ec2_role",
            "aws_security_group.alb_sg",
            "aws_security_group.ec2_sg",
            "aws_vpc.shopeasy_vpc",
            "data.aws_ami.amazon_linux_2023"
          ]
        }
      ]
    },
    {
      "mode": "managed",
      "type": "aws_lb",
      "name": "shopeasy_alb",
      "provider": "provider[\"registry.terraform.io/hashicorp/aws\"]",
      "instances": [
        {
          "schema_version": 0,
          "attributes": {
            "access_logs": [
              {
                "bucket": "",
                "enabled": false,
                "prefix": ""
              }
            ],
            "arn": "arn:aws:elasticloadbalancing:us-east-1:984445750763:loadbalancer/app/shopeasy-alb/b682fccb350c25f2",
            "arn_suffix": "app/shopeasy-alb/b682fccb350c25f2",
            "client_keep_alive": 3600,
            "connection_logs": [
              {
                "bucket": "",
                "enabled": false,
                "prefix": ""
              }
            ],
            "customer_owned_ipv4_pool": "",
            "desync_mitigation_mode": "defensive",
            "dns_name": "shopeasy-alb-1488240479.us-east-1.elb.amazonaws.com",
            "dns_record_client_routing_policy": null,
            "drop_invalid_header_fields": false,
            "enable_cross_zone_load_balancing": true,
            "enable_deletion_protection": false,
            "enable_http2": true,
            "enable_prefix_for_ipv6_source_nat": "off",
            "enable_tls_version_and_cipher_suite_headers": false,
            "enable_waf_fail_open": false,
            "enable_xff_client_port": false,
            "enable_zonal_shift": false,
            "enforce_security_group_inbound_rules_on_private_link_traffic": "",
            "health_check_logs": [
              {
                "bucket": "",
                "enabled": false,
                "prefix": ""
              }
            ],
            "id": "arn:aws:elasticloadbalancing:us-east-1:984445750763:loadbalancer/app/shopeasy-alb/b682fccb350c25f2",
            "idle_timeout": 60,
            "internal": false,
            "ip_address_type": "ipv4",
            "ipam_pools": [],
            "load_balancer_type": "application",
            "minimum_load_balancer_capacity": [],
            "name": "shopeasy-alb",
            "name_prefix": "",
            "preserve_host_header": false,
            "region": "us-east-1",
            "secondary_ips_auto_assigned_per_subnet": null,
            "security_groups": [
              "sg-00bb3b390386f7065"
            ],
            "subnet_mapping": [
              {
                "allocation_id": "",
                "ipv6_address": "",
                "outpost_id": "",
                "private_ipv4_address": "",
                "subnet_id": "subnet-0054d55430f8b4731"
              },
              {
                "allocation_id": "",
                "ipv6_address": "",
                "outpost_id": "",
                "private_ipv4_address": "",
                "subnet_id": "subnet-0e3cc0e59ff26597d"
              }
            ],
            "subnets": [
              "subnet-0054d55430f8b4731",
              "subnet-0e3cc0e59ff26597d"
            ],
            "tags": {
              "Name": "shopeasy-alb"
            },
            "tags_all": {
              "Name": "shopeasy-alb"
            },
            "timeouts": null,
            "vpc_id": "vpc-01f3a99f78d64b8d3",
            "xff_header_processing_mode": "append",
            "zone_id": "Z35SXDOTRQ7X7K"
          },
          "sensitive_attributes": [],
          "identity_schema_version": 0,
          "identity": {
            "arn": "arn:aws:elasticloadbalancing:us-east-1:984445750763:loadbalancer/app/shopeasy-alb/b682fccb350c25f2"
          },
          "private": "eyJlMmJmYjczMC1lY2FhLTExZTYtOGY4OC0zNDM2M2JjN2M0YzAiOnsiY3JlYXRlIjo2MDAwMDAwMDAwMDAsImRlbGV0ZSI6NjAwMDAwMDAwMDAwLCJ1cGRhdGUiOjYwMDAwMDAwMDAwMH19",
          "dependencies": [
            "aws_security_group.alb_sg",
            "aws_subnet.public_az1",
            "aws_subnet.public_az2",
            "aws_vpc.shopeasy_vpc",
            "data.aws_availability_zones.available"
          ]
        }
      ]
    },
    {
      "mode": "managed",
      "type": "aws_lb_listener",
      "name": "http_listener",
      "provider": "provider[\"registry.terraform.io/hashicorp/aws\"]",
      "instances": [
        {
          "schema_version": 0,
          "attributes": {
            "alpn_policy": null,
            "arn": "arn:aws:elasticloadbalancing:us-east-1:984445750763:listener/app/shopeasy-alb/b682fccb350c25f2/d00aedc4d1be99d4",
            "certificate_arn": null,
            "default_action": [
              {
                "authenticate_cognito": [],
                "authenticate_oidc": [],
                "fixed_response": [],
                "forward": [],
                "jwt_validation": [],
                "order": 1,
                "redirect": [],
                "target_group_arn": "arn:aws:elasticloadbalancing:us-east-1:984445750763:targetgroup/shopeasy-tg/9ea71eb87cf403e3",
                "type": "forward"
              }
            ],
            "id": "arn:aws:elasticloadbalancing:us-east-1:984445750763:listener/app/shopeasy-alb/b682fccb350c25f2/d00aedc4d1be99d4",
            "load_balancer_arn": "arn:aws:elasticloadbalancing:us-east-1:984445750763:loadbalancer/app/shopeasy-alb/b682fccb350c25f2",
            "mutual_authentication": [],
            "port": 80,
            "protocol": "HTTP",
            "region": "us-east-1",
            "routing_http_request_x_amzn_mtls_clientcert_header_name": null,
            "routing_http_request_x_amzn_mtls_clientcert_issuer_header_name": null,
            "routing_http_request_x_amzn_mtls_clientcert_leaf_header_name": null,
            "routing_http_request_x_amzn_mtls_clientcert_serial_number_header_name": null,
            "routing_http_request_x_amzn_mtls_clientcert_subject_header_name": null,
            "routing_http_request_x_amzn_mtls_clientcert_validity_header_name": null,
            "routing_http_request_x_amzn_tls_cipher_suite_header_name": null,
            "routing_http_request_x_amzn_tls_version_header_name": null,
            "routing_http_response_access_control_allow_credentials_header_value": "",
            "routing_http_response_access_control_allow_headers_header_value": "",
            "routing_http_response_access_control_allow_methods_header_value": "",
            "routing_http_response_access_control_allow_origin_header_value": "",
            "routing_http_response_access_control_expose_headers_header_value": "",
            "routing_http_response_access_control_max_age_header_value": "",
            "routing_http_response_content_security_policy_header_value": "",
            "routing_http_response_server_enabled": true,
            "routing_http_response_strict_transport_security_header_value": "",
            "routing_http_response_x_content_type_options_header_value": "",
            "routing_http_response_x_frame_options_header_value": "",
            "ssl_policy": "",
            "tags": null,
            "tags_all": {},
            "tcp_idle_timeout_seconds": null,
            "timeouts": null
          },
          "sensitive_attributes": [],
          "identity_schema_version": 0,
          "identity": {
            "arn": "arn:aws:elasticloadbalancing:us-east-1:984445750763:listener/app/shopeasy-alb/b682fccb350c25f2/d00aedc4d1be99d4"
          },
          "private": "eyJlMmJmYjczMC1lY2FhLTExZTYtOGY4OC0zNDM2M2JjN2M0YzAiOnsiY3JlYXRlIjozMDAwMDAwMDAwMDAsInVwZGF0ZSI6MzAwMDAwMDAwMDAwfX0=",
          "dependencies": [
            "aws_lb.shopeasy_alb",
            "aws_lb_target_group.shopeasy_tg",
            "aws_security_group.alb_sg",
            "aws_subnet.public_az1",
            "aws_subnet.public_az2",
            "aws_vpc.shopeasy_vpc",
            "data.aws_availability_zones.available"
          ]
        }
      ]
    },
    {
      "mode": "managed",
      "type": "aws_lb_listener",
      "name": "https_listener",
      "provider": "provider[\"registry.terraform.io/hashicorp/aws\"]",
      "instances": [
        {
          "schema_version": 0,
          "attributes": {
            "alpn_policy": null,
            "arn": "arn:aws:elasticloadbalancing:us-east-1:984445750763:listener/app/shopeasy-alb/b682fccb350c25f2/e6804cc34484b451",
            "certificate_arn": "arn:aws:acm:us-east-1:984445750763:certificate/81ee4bde-997c-4748-9840-d1d048c2f65d",
            "default_action": [
              {
                "authenticate_cognito": [],
                "authenticate_oidc": [],
                "fixed_response": [],
                "forward": [],
                "jwt_validation": [],
                "order": 1,
                "redirect": [],
                "target_group_arn": "arn:aws:elasticloadbalancing:us-east-1:984445750763:targetgroup/shopeasy-tg/9ea71eb87cf403e3",
                "type": "forward"
              }
            ],
            "id": "arn:aws:elasticloadbalancing:us-east-1:984445750763:listener/app/shopeasy-alb/b682fccb350c25f2/e6804cc34484b451",
            "load_balancer_arn": "arn:aws:elasticloadbalancing:us-east-1:984445750763:loadbalancer/app/shopeasy-alb/b682fccb350c25f2",
            "mutual_authentication": [
              {
                "advertise_trust_store_ca_names": "",
                "ignore_client_certificate_expiry": false,
                "mode": "off",
                "trust_store_arn": ""
              }
            ],
            "port": 443,
            "protocol": "HTTPS",
            "region": "us-east-1",
            "routing_http_request_x_amzn_mtls_clientcert_header_name": "",
            "routing_http_request_x_amzn_mtls_clientcert_issuer_header_name": "",
            "routing_http_request_x_amzn_mtls_clientcert_leaf_header_name": "",
            "routing_http_request_x_amzn_mtls_clientcert_serial_number_header_name": "",
            "routing_http_request_x_amzn_mtls_clientcert_subject_header_name": "",
            "routing_http_request_x_amzn_mtls_clientcert_validity_header_name": "",
            "routing_http_request_x_amzn_tls_cipher_suite_header_name": "",
            "routing_http_request_x_amzn_tls_version_header_name": "",
            "routing_http_response_access_control_allow_credentials_header_value": "",
            "routing_http_response_access_control_allow_headers_header_value": "",
            "routing_http_response_access_control_allow_methods_header_value": "",
            "routing_http_response_access_control_allow_origin_header_value": "",
            "routing_http_response_access_control_expose_headers_header_value": "",
            "routing_http_response_access_control_max_age_header_value": "",
            "routing_http_response_content_security_policy_header_value": "",
            "routing_http_response_server_enabled": true,
            "routing_http_response_strict_transport_security_header_value": "",
            "routing_http_response_x_content_type_options_header_value": "",
            "routing_http_response_x_frame_options_header_value": "",
            "ssl_policy": "ELBSecurityPolicy-TLS13-1-2-2021-06",
            "tags": null,
            "tags_all": {},
            "tcp_idle_timeout_seconds": null,
            "timeouts": null
          },
          "sensitive_attributes": [],
          "identity_schema_version": 0,
          "identity": {
            "arn": "arn:aws:elasticloadbalancing:us-east-1:984445750763:listener/app/shopeasy-alb/b682fccb350c25f2/e6804cc34484b451"
          },
          "private": "eyJlMmJmYjczMC1lY2FhLTExZTYtOGY4OC0zNDM2M2JjN2M0YzAiOnsiY3JlYXRlIjozMDAwMDAwMDAwMDAsInVwZGF0ZSI6MzAwMDAwMDAwMDAwfX0=",
          "dependencies": [
            "aws_acm_certificate.shopeasy_cert",
            "aws_lb.shopeasy_alb",
            "aws_lb_target_group.shopeasy_tg",
            "aws_security_group.alb_sg",
            "aws_subnet.public_az1",
            "aws_subnet.public_az2",
            "aws_vpc.shopeasy_vpc",
            "data.aws_availability_zones.available",
            "tls_private_key.shopeasy_tls_key",
            "tls_self_signed_cert.shopeasy_tls_cert"
          ]
        }
      ]
    },
    {
      "mode": "managed",
      "type": "aws_lb_target_group",
      "name": "shopeasy_tg",
      "provider": "provider[\"registry.terraform.io/hashicorp/aws\"]",
      "instances": [
        {
          "schema_version": 0,
          "attributes": {
            "arn": "arn:aws:elasticloadbalancing:us-east-1:984445750763:targetgroup/shopeasy-tg/9ea71eb87cf403e3",
            "arn_suffix": "targetgroup/shopeasy-tg/9ea71eb87cf403e3",
            "connection_termination": null,
            "deregistration_delay": "300",
            "health_check": [
              {
                "enabled": true,
                "healthy_threshold": 2,
                "interval": 30,
                "matcher": "200",
                "path": "/",
                "port": "traffic-port",
                "protocol": "HTTP",
                "timeout": 5,
                "unhealthy_threshold": 3
              }
            ],
            "id": "arn:aws:elasticloadbalancing:us-east-1:984445750763:targetgroup/shopeasy-tg/9ea71eb87cf403e3",
            "ip_address_type": "ipv4",
            "lambda_multi_value_headers_enabled": false,
            "load_balancer_arns": [],
            "load_balancing_algorithm_type": "round_robin",
            "load_balancing_anomaly_mitigation": "off",
            "load_balancing_cross_zone_enabled": "use_load_balancer_configuration",
            "name": "shopeasy-tg",
            "name_prefix": "",
            "port": 80,
            "preserve_client_ip": null,
            "protocol": "HTTP",
            "protocol_version": "HTTP1",
            "proxy_protocol_v2": false,
            "region": "us-east-1",
            "slow_start": 0,
            "stickiness": [
              {
                "cookie_duration": 86400,
                "cookie_name": "",
                "enabled": false,
                "type": "lb_cookie"
              }
            ],
            "tags": {
              "Name": "shopeasy-target-group"
            },
            "tags_all": {
              "Name": "shopeasy-target-group"
            },
            "target_control_port": 0,
            "target_failover": [
              {
                "on_deregistration": null,
                "on_unhealthy": null
              }
            ],
            "target_group_health": [
              {
                "dns_failover": [
                  {
                    "minimum_healthy_targets_count": "1",
                    "minimum_healthy_targets_percentage": "off"
                  }
                ],
                "unhealthy_state_routing": [
                  {
                    "minimum_healthy_targets_count": 1,
                    "minimum_healthy_targets_percentage": "off"
                  }
                ]
              }
            ],
            "target_health_state": [
              {
                "enable_unhealthy_connection_termination": null,
                "unhealthy_draining_interval": null
              }
            ],
            "target_type": "instance",
            "vpc_id": "vpc-01f3a99f78d64b8d3"
          },
          "sensitive_attributes": [],
          "identity_schema_version": 0,
          "identity": {
            "arn": "arn:aws:elasticloadbalancing:us-east-1:984445750763:targetgroup/shopeasy-tg/9ea71eb87cf403e3"
          },
          "private": "bnVsbA==",
          "dependencies": [
            "aws_vpc.shopeasy_vpc"
          ]
        }
      ]
    },
    {
      "mode": "managed",
      "type": "aws_network_acl",
      "name": "private_app_nacl",
      "provider": "provider[\"registry.terraform.io/hashicorp/aws\"]",
      "instances": [
        {
          "schema_version": 0,
          "attributes": {
            "arn": "arn:aws:ec2:us-east-1:984445750763:network-acl/acl-0fe7eb1f66cbbd8eb",
            "egress": [
              {
                "action": "allow",
                "cidr_block": "0.0.0.0/0",
                "from_port": 0,
                "icmp_code": 0,
                "icmp_type": 0,
                "ipv6_cidr_block": "",
                "protocol": "-1",
                "rule_no": 100,
                "to_port": 0
              }
            ],
            "id": "acl-0fe7eb1f66cbbd8eb",
            "ingress": [
              {
                "action": "allow",
                "cidr_block": "10.0.0.0/16",
                "from_port": 1024,
                "icmp_code": 0,
                "icmp_type": 0,
                "ipv6_cidr_block": "",
                "protocol": "6",
                "rule_no": 110,
                "to_port": 65535
              },
              {
                "action": "allow",
                "cidr_block": "10.0.0.0/16",
                "from_port": 80,
                "icmp_code": 0,
                "icmp_type": 0,
                "ipv6_cidr_block": "",
                "protocol": "6",
                "rule_no": 100,
                "to_port": 80
              }
            ],
            "owner_id": "984445750763",
            "region": "us-east-1",
            "subnet_ids": [
              "subnet-068764bb3f1bc9f81",
              "subnet-0ebe2cd1bffadafc2"
            ],
            "tags": {
              "Name": "shopeasy-private-app-nacl"
            },
            "tags_all": {
              "Name": "shopeasy-private-app-nacl"
            },
            "vpc_id": "vpc-01f3a99f78d64b8d3"
          },
          "sensitive_attributes": [],
          "identity_schema_version": 0,
          "private": "bnVsbA==",
          "dependencies": [
            "aws_subnet.private_app_az1",
            "aws_subnet.private_app_az2",
            "aws_vpc.shopeasy_vpc",
            "data.aws_availability_zones.available"
          ]
        }
      ]
    },
    {
      "mode": "managed",
      "type": "aws_network_acl",
      "name": "private_db_nacl",
      "provider": "provider[\"registry.terraform.io/hashicorp/aws\"]",
      "instances": [
        {
          "schema_version": 0,
          "attributes": {
            "arn": "arn:aws:ec2:us-east-1:984445750763:network-acl/acl-082aa61744cc149cc",
            "egress": [
              {
                "action": "allow",
                "cidr_block": "10.0.0.0/16",
                "from_port": 0,
                "icmp_code": 0,
                "icmp_type": 0,
                "ipv6_cidr_block": "",
                "protocol": "-1",
                "rule_no": 100,
                "to_port": 0
              }
            ],
            "id": "acl-082aa61744cc149cc",
            "ingress": [
              {
                "action": "allow",
                "cidr_block": "10.0.0.0/16",
                "from_port": 1024,
                "icmp_code": 0,
                "icmp_type": 0,
                "ipv6_cidr_block": "",
                "protocol": "6",
                "rule_no": 110,
                "to_port": 65535
              },
              {
                "action": "allow",
                "cidr_block": "10.0.0.0/16",
                "from_port": 3306,
                "icmp_code": 0,
                "icmp_type": 0,
                "ipv6_cidr_block": "",
                "protocol": "6",
                "rule_no": 100,
                "to_port": 3306
              }
            ],
            "owner_id": "984445750763",
            "region": "us-east-1",
            "subnet_ids": [
              "subnet-0beade8c8ef6b85eb",
              "subnet-0c15722a6c6fd80de"
            ],
            "tags": {
              "Name": "shopeasy-private-db-nacl"
            },
            "tags_all": {
              "Name": "shopeasy-private-db-nacl"
            },
            "vpc_id": "vpc-01f3a99f78d64b8d3"
          },
          "sensitive_attributes": [],
          "identity_schema_version": 0,
          "private": "bnVsbA==",
          "dependencies": [
            "aws_subnet.private_db_az1",
            "aws_subnet.private_db_az2",
            "aws_vpc.shopeasy_vpc",
            "data.aws_availability_zones.available"
          ]
        }
      ]
    },
    {
      "mode": "managed",
      "type": "aws_network_acl",
      "name": "public_nacl",
      "provider": "provider[\"registry.terraform.io/hashicorp/aws\"]",
      "instances": [
        {
          "schema_version": 0,
          "attributes": {
            "arn": "arn:aws:ec2:us-east-1:984445750763:network-acl/acl-0d5d8f6ed2bd1c997",
            "egress": [
              {
                "action": "allow",
                "cidr_block": "0.0.0.0/0",
                "from_port": 0,
                "icmp_code": 0,
                "icmp_type": 0,
                "ipv6_cidr_block": "",
                "protocol": "-1",
                "rule_no": 100,
                "to_port": 0
              }
            ],
            "id": "acl-0d5d8f6ed2bd1c997",
            "ingress": [
              {
                "action": "allow",
                "cidr_block": "0.0.0.0/0",
                "from_port": 1024,
                "icmp_code": 0,
                "icmp_type": 0,
                "ipv6_cidr_block": "",
                "protocol": "6",
                "rule_no": 120,
                "to_port": 65535
              },
              {
                "action": "allow",
                "cidr_block": "0.0.0.0/0",
                "from_port": 443,
                "icmp_code": 0,
                "icmp_type": 0,
                "ipv6_cidr_block": "",
                "protocol": "6",
                "rule_no": 110,
                "to_port": 443
              },
              {
                "action": "allow",
                "cidr_block": "0.0.0.0/0",
                "from_port": 80,
                "icmp_code": 0,
                "icmp_type": 0,
                "ipv6_cidr_block": "",
                "protocol": "6",
                "rule_no": 100,
                "to_port": 80
              }
            ],
            "owner_id": "984445750763",
            "region": "us-east-1",
            "subnet_ids": [
              "subnet-0054d55430f8b4731",
              "subnet-0e3cc0e59ff26597d"
            ],
            "tags": {
              "Name": "shopeasy-public-nacl"
            },
            "tags_all": {
              "Name": "shopeasy-public-nacl"
            },
            "vpc_id": "vpc-01f3a99f78d64b8d3"
          },
          "sensitive_attributes": [],
          "identity_schema_version": 0,
          "private": "bnVsbA==",
          "dependencies": [
            "aws_subnet.public_az1",
            "aws_subnet.public_az2",
            "aws_vpc.shopeasy_vpc",
            "data.aws_availability_zones.available"
          ]
        }
      ]
    },
    {
      "mode": "managed",
      "type": "aws_route_table",
      "name": "private_rt",
      "provider": "provider[\"registry.terraform.io/hashicorp/aws\"]",
      "instances": [
        {
          "schema_version": 0,
          "attributes": {
            "arn": "arn:aws:ec2:us-east-1:984445750763:route-table/rtb-0f8deccacafd5d426",
            "id": "rtb-0f8deccacafd5d426",
            "owner_id": "984445750763",
            "propagating_vgws": [],
            "region": "us-east-1",
            "route": [],
            "tags": {
              "Name": "shopeasy-private-route-table"
            },
            "tags_all": {
              "Name": "shopeasy-private-route-table"
            },
            "timeouts": null,
            "vpc_id": "vpc-01f3a99f78d64b8d3"
          },
          "sensitive_attributes": [],
          "identity_schema_version": 0,
          "identity": {
            "account_id": "984445750763",
            "id": "rtb-0f8deccacafd5d426",
            "region": "us-east-1"
          },
          "private": "eyJlMmJmYjczMC1lY2FhLTExZTYtOGY4OC0zNDM2M2JjN2M0YzAiOnsiY3JlYXRlIjozMDAwMDAwMDAwMDAsImRlbGV0ZSI6MzAwMDAwMDAwMDAwLCJ1cGRhdGUiOjEyMDAwMDAwMDAwMH19",
          "dependencies": [
            "aws_vpc.shopeasy_vpc"
          ]
        }
      ]
    },
    {
      "mode": "managed",
      "type": "aws_route_table",
      "name": "public_rt",
      "provider": "provider[\"registry.terraform.io/hashicorp/aws\"]",
      "instances": [
        {
          "schema_version": 0,
          "attributes": {
            "arn": "arn:aws:ec2:us-east-1:984445750763:route-table/rtb-0c48b4e83479ca8f5",
            "id": "rtb-0c48b4e83479ca8f5",
            "owner_id": "984445750763",
            "propagating_vgws": [],
            "region": "us-east-1",
            "route": [
              {
                "carrier_gateway_id": "",
                "cidr_block": "0.0.0.0/0",
                "core_network_arn": "",
                "destination_prefix_list_id": "",
                "egress_only_gateway_id": "",
                "gateway_id": "igw-0fd0ed77753eecdf3",
                "ipv6_cidr_block": "",
                "local_gateway_id": "",
                "nat_gateway_id": "",
                "network_interface_id": "",
                "odb_network_arn": "",
                "transit_gateway_id": "",
                "vpc_endpoint_id": "",
                "vpc_peering_connection_id": ""
              }
            ],
            "tags": {
              "Name": "shopeasy-public-route-table"
            },
            "tags_all": {
              "Name": "shopeasy-public-route-table"
            },
            "timeouts": null,
            "vpc_id": "vpc-01f3a99f78d64b8d3"
          },
          "sensitive_attributes": [],
          "identity_schema_version": 0,
          "identity": {
            "account_id": "984445750763",
            "id": "rtb-0c48b4e83479ca8f5",
            "region": "us-east-1"
          },
          "private": "eyJlMmJmYjczMC1lY2FhLTExZTYtOGY4OC0zNDM2M2JjN2M0YzAiOnsiY3JlYXRlIjozMDAwMDAwMDAwMDAsImRlbGV0ZSI6MzAwMDAwMDAwMDAwLCJ1cGRhdGUiOjEyMDAwMDAwMDAwMH19",
          "dependencies": [
            "aws_internet_gateway.shopeasy_igw",
            "aws_vpc.shopeasy_vpc"
          ]
        }
      ]
    },
    {
      "mode": "managed",
      "type": "aws_route_table_association",
      "name": "private_app_az1_assoc",
      "provider": "provider[\"registry.terraform.io/hashicorp/aws\"]",
      "instances": [
        {
          "schema_version": 0,
          "attributes": {
            "gateway_id": "",
            "id": "rtbassoc-0db7a5874b5028745",
            "region": "us-east-1",
            "route_table_id": "rtb-0f8deccacafd5d426",
            "subnet_id": "subnet-068764bb3f1bc9f81",
            "timeouts": null
          },
          "sensitive_attributes": [],
          "identity_schema_version": 0,
          "identity": {
            "account_id": "984445750763",
            "id": "rtbassoc-0db7a5874b5028745",
            "region": "us-east-1"
          },
          "private": "eyJlMmJmYjczMC1lY2FhLTExZTYtOGY4OC0zNDM2M2JjN2M0YzAiOnsiY3JlYXRlIjozMDAwMDAwMDAwMDAsImRlbGV0ZSI6MzAwMDAwMDAwMDAwLCJ1cGRhdGUiOjEyMDAwMDAwMDAwMH19",
          "dependencies": [
            "aws_route_table.private_rt",
            "aws_subnet.private_app_az1",
            "aws_vpc.shopeasy_vpc",
            "data.aws_availability_zones.available"
          ]
        }
      ]
    },
    {
      "mode": "managed",
      "type": "aws_route_table_association",
      "name": "private_app_az2_assoc",
      "provider": "provider[\"registry.terraform.io/hashicorp/aws\"]",
      "instances": [
        {
          "schema_version": 0,
          "attributes": {
            "gateway_id": "",
            "id": "rtbassoc-0632907305bf895ee",
            "region": "us-east-1",
            "route_table_id": "rtb-0f8deccacafd5d426",
            "subnet_id": "subnet-0ebe2cd1bffadafc2",
            "timeouts": null
          },
          "sensitive_attributes": [],
          "identity_schema_version": 0,
          "identity": {
            "account_id": "984445750763",
            "id": "rtbassoc-0632907305bf895ee",
            "region": "us-east-1"
          },
          "private": "eyJlMmJmYjczMC1lY2FhLTExZTYtOGY4OC0zNDM2M2JjN2M0YzAiOnsiY3JlYXRlIjozMDAwMDAwMDAwMDAsImRlbGV0ZSI6MzAwMDAwMDAwMDAwLCJ1cGRhdGUiOjEyMDAwMDAwMDAwMH19",
          "dependencies": [
            "aws_route_table.private_rt",
            "aws_subnet.private_app_az2",
            "aws_vpc.shopeasy_vpc",
            "data.aws_availability_zones.available"
          ]
        }
      ]
    },
    {
      "mode": "managed",
      "type": "aws_route_table_association",
      "name": "private_db_az1_assoc",
      "provider": "provider[\"registry.terraform.io/hashicorp/aws\"]",
      "instances": [
        {
          "schema_version": 0,
          "attributes": {
            "gateway_id": "",
            "id": "rtbassoc-02c90cacf72314409",
            "region": "us-east-1",
            "route_table_id": "rtb-0f8deccacafd5d426",
            "subnet_id": "subnet-0beade8c8ef6b85eb",
            "timeouts": null
          },
          "sensitive_attributes": [],
          "identity_schema_version": 0,
          "identity": {
            "account_id": "984445750763",
            "id": "rtbassoc-02c90cacf72314409",
            "region": "us-east-1"
          },
          "private": "eyJlMmJmYjczMC1lY2FhLTExZTYtOGY4OC0zNDM2M2JjN2M0YzAiOnsiY3JlYXRlIjozMDAwMDAwMDAwMDAsImRlbGV0ZSI6MzAwMDAwMDAwMDAwLCJ1cGRhdGUiOjEyMDAwMDAwMDAwMH19",
          "dependencies": [
            "aws_route_table.private_rt",
            "aws_subnet.private_db_az1",
            "aws_vpc.shopeasy_vpc",
            "data.aws_availability_zones.available"
          ]
        }
      ]
    },
    {
      "mode": "managed",
      "type": "aws_route_table_association",
      "name": "private_db_az2_assoc",
      "provider": "provider[\"registry.terraform.io/hashicorp/aws\"]",
      "instances": [
        {
          "schema_version": 0,
          "attributes": {
            "gateway_id": "",
            "id": "rtbassoc-04f6fd43edc5e6824",
            "region": "us-east-1",
            "route_table_id": "rtb-0f8deccacafd5d426",
            "subnet_id": "subnet-0c15722a6c6fd80de",
            "timeouts": null
          },
          "sensitive_attributes": [],
          "identity_schema_version": 0,
          "identity": {
            "account_id": "984445750763",
            "id": "rtbassoc-04f6fd43edc5e6824",
            "region": "us-east-1"
          },
          "private": "eyJlMmJmYjczMC1lY2FhLTExZTYtOGY4OC0zNDM2M2JjN2M0YzAiOnsiY3JlYXRlIjozMDAwMDAwMDAwMDAsImRlbGV0ZSI6MzAwMDAwMDAwMDAwLCJ1cGRhdGUiOjEyMDAwMDAwMDAwMH19",
          "dependencies": [
            "aws_route_table.private_rt",
            "aws_subnet.private_db_az2",
            "aws_vpc.shopeasy_vpc",
            "data.aws_availability_zones.available"
          ]
        }
      ]
    },
    {
      "mode": "managed",
      "type": "aws_route_table_association",
      "name": "public_az1_assoc",
      "provider": "provider[\"registry.terraform.io/hashicorp/aws\"]",
      "instances": [
        {
          "schema_version": 0,
          "attributes": {
            "gateway_id": "",
            "id": "rtbassoc-0e8b17ac33d663f64",
            "region": "us-east-1",
            "route_table_id": "rtb-0c48b4e83479ca8f5",
            "subnet_id": "subnet-0054d55430f8b4731",
            "timeouts": null
          },
          "sensitive_attributes": [],
          "identity_schema_version": 0,
          "identity": {
            "account_id": "984445750763",
            "id": "rtbassoc-0e8b17ac33d663f64",
            "region": "us-east-1"
          },
          "private": "eyJlMmJmYjczMC1lY2FhLTExZTYtOGY4OC0zNDM2M2JjN2M0YzAiOnsiY3JlYXRlIjozMDAwMDAwMDAwMDAsImRlbGV0ZSI6MzAwMDAwMDAwMDAwLCJ1cGRhdGUiOjEyMDAwMDAwMDAwMH19",
          "dependencies": [
            "aws_internet_gateway.shopeasy_igw",
            "aws_route_table.public_rt",
            "aws_subnet.public_az1",
            "aws_vpc.shopeasy_vpc",
            "data.aws_availability_zones.available"
          ]
        }
      ]
    },
    {
      "mode": "managed",
      "type": "aws_route_table_association",
      "name": "public_az2_assoc",
      "provider": "provider[\"registry.terraform.io/hashicorp/aws\"]",
      "instances": [
        {
          "schema_version": 0,
          "attributes": {
            "gateway_id": "",
            "id": "rtbassoc-09d1a17985a3d5844",
            "region": "us-east-1",
            "route_table_id": "rtb-0c48b4e83479ca8f5",
            "subnet_id": "subnet-0e3cc0e59ff26597d",
            "timeouts": null
          },
          "sensitive_attributes": [],
          "identity_schema_version": 0,
          "identity": {
            "account_id": "984445750763",
            "id": "rtbassoc-09d1a17985a3d5844",
            "region": "us-east-1"
          },
          "private": "eyJlMmJmYjczMC1lY2FhLTExZTYtOGY4OC0zNDM2M2JjN2M0YzAiOnsiY3JlYXRlIjozMDAwMDAwMDAwMDAsImRlbGV0ZSI6MzAwMDAwMDAwMDAwLCJ1cGRhdGUiOjEyMDAwMDAwMDAwMH19",
          "dependencies": [
            "aws_internet_gateway.shopeasy_igw",
            "aws_route_table.public_rt",
            "aws_subnet.public_az2",
            "aws_vpc.shopeasy_vpc",
            "data.aws_availability_zones.available"
          ]
        }
      ]
    },
    {
      "mode": "managed",
      "type": "aws_s3_bucket",
      "name": "shopeasy_logs",
      "provider": "provider[\"registry.terraform.io/hashicorp/aws\"]",
      "instances": [
        {
          "schema_version": 0,
          "attributes": {
            "acceleration_status": "",
            "acl": null,
            "arn": "arn:aws:s3:::shopeasy-logs-984445750763-us-east-1",
            "bucket": "shopeasy-logs-984445750763-us-east-1",
            "bucket_domain_name": "shopeasy-logs-984445750763-us-east-1.s3.amazonaws.com",
            "bucket_namespace": "global",
            "bucket_prefix": "",
            "bucket_region": "us-east-1",
            "bucket_regional_domain_name": "shopeasy-logs-984445750763-us-east-1.s3.us-east-1.amazonaws.com",
            "cors_rule": [],
            "force_destroy": false,
            "grant": [
              {
                "id": "6479fee5c25654b9f0eb6386d0b799efbc4381ce0cfae727fe6eee9e75413c5b",
                "permissions": [
                  "FULL_CONTROL"
                ],
                "type": "CanonicalUser",
                "uri": ""
              }
            ],
            "hosted_zone_id": "Z3AQBSTGFYJSTF",
            "id": "shopeasy-logs-984445750763-us-east-1",
            "lifecycle_rule": [],
            "logging": [],
            "object_lock_configuration": [],
            "object_lock_enabled": false,
            "policy": "{\"Statement\":[{\"Action\":\"s3:GetBucketAcl\",\"Effect\":\"Allow\",\"Principal\":{\"Service\":\"cloudtrail.amazonaws.com\"},\"Resource\":\"arn:aws:s3:::shopeasy-logs-984445750763-us-east-1\",\"Sid\":\"AWSCloudTrailAclCheck\"},{\"Action\":\"s3:PutObject\",\"Condition\":{\"StringEquals\":{\"s3:x-amz-acl\":\"bucket-owner-full-control\"}},\"Effect\":\"Allow\",\"Principal\":{\"Service\":\"cloudtrail.amazonaws.com\"},\"Resource\":\"arn:aws:s3:::shopeasy-logs-984445750763-us-east-1/AWSLogs/984445750763/*\",\"Sid\":\"AWSCloudTrailWrite\"}],\"Version\":\"2012-10-17\"}",
            "region": "us-east-1",
            "replication_configuration": [],
            "request_payer": "BucketOwner",
            "server_side_encryption_configuration": [
              {
                "rule": [
                  {
                    "apply_server_side_encryption_by_default": [
                      {
                        "kms_master_key_id": "arn:aws:kms:us-east-1:984445750763:key/0103815e-0eab-42e1-96fb-a8c192b5d956",
                        "sse_algorithm": "aws:kms"
                      }
                    ],
                    "bucket_key_enabled": false
                  }
                ]
              }
            ],
            "tags": {
              "Name": "shopeasy-logs-backups-bucket"
            },
            "tags_all": {
              "Name": "shopeasy-logs-backups-bucket"
            },
            "timeouts": null,
            "versioning": [
              {
                "enabled": true,
                "mfa_delete": false
              }
            ],
            "website": [],
            "website_domain": null,
            "website_endpoint": null
          },
          "sensitive_attributes": [],
          "identity_schema_version": 0,
          "identity": {
            "account_id": "984445750763",
            "bucket": "shopeasy-logs-984445750763-us-east-1",
            "region": "us-east-1"
          },
          "private": "eyJlMmJmYjczMC1lY2FhLTExZTYtOGY4OC0zNDM2M2JjN2M0YzAiOnsiY3JlYXRlIjoxMjAwMDAwMDAwMDAwLCJkZWxldGUiOjM2MDAwMDAwMDAwMDAsInJlYWQiOjEyMDAwMDAwMDAwMDAsInVwZGF0ZSI6MTIwMDAwMDAwMDAwMH19",
          "dependencies": [
            "data.aws_caller_identity.current"
          ]
        }
      ]
    },
    {
      "mode": "managed",
      "type": "aws_s3_bucket_policy",
      "name": "cloudtrail_bucket_policy",
      "provider": "provider[\"registry.terraform.io/hashicorp/aws\"]",
      "instances": [
        {
          "schema_version": 0,
          "attributes": {
            "bucket": "shopeasy-logs-984445750763-us-east-1",
            "id": "shopeasy-logs-984445750763-us-east-1",
            "policy": "{\"Statement\":[{\"Action\":\"s3:GetBucketAcl\",\"Effect\":\"Allow\",\"Principal\":{\"Service\":\"cloudtrail.amazonaws.com\"},\"Resource\":\"arn:aws:s3:::shopeasy-logs-984445750763-us-east-1\",\"Sid\":\"AWSCloudTrailAclCheck\"},{\"Action\":\"s3:PutObject\",\"Condition\":{\"StringEquals\":{\"s3:x-amz-acl\":\"bucket-owner-full-control\"}},\"Effect\":\"Allow\",\"Principal\":{\"Service\":\"cloudtrail.amazonaws.com\"},\"Resource\":\"arn:aws:s3:::shopeasy-logs-984445750763-us-east-1/AWSLogs/984445750763/*\",\"Sid\":\"AWSCloudTrailWrite\"}],\"Version\":\"2012-10-17\"}",
            "region": "us-east-1"
          },
          "sensitive_attributes": [],
          "identity_schema_version": 0,
          "identity": {
            "account_id": "984445750763",
            "bucket": "shopeasy-logs-984445750763-us-east-1",
            "region": "us-east-1"
          },
          "private": "bnVsbA==",
          "dependencies": [
            "aws_s3_bucket.shopeasy_logs",
            "data.aws_caller_identity.current"
          ]
        }
      ]
    },
    {
      "mode": "managed",
      "type": "aws_s3_bucket_public_access_block",
      "name": "shopeasy_logs_block",
      "provider": "provider[\"registry.terraform.io/hashicorp/aws\"]",
      "instances": [
        {
          "schema_version": 0,
          "attributes": {
            "block_public_acls": true,
            "block_public_policy": true,
            "bucket": "shopeasy-logs-984445750763-us-east-1",
            "id": "shopeasy-logs-984445750763-us-east-1",
            "ignore_public_acls": true,
            "region": "us-east-1",
            "restrict_public_buckets": true,
            "skip_destroy": null
          },
          "sensitive_attributes": [],
          "identity_schema_version": 0,
          "identity": {
            "account_id": "984445750763",
            "bucket": "shopeasy-logs-984445750763-us-east-1",
            "region": "us-east-1"
          },
          "private": "bnVsbA==",
          "dependencies": [
            "aws_s3_bucket.shopeasy_logs",
            "data.aws_caller_identity.current"
          ]
        }
      ]
    },
    {
      "mode": "managed",
      "type": "aws_s3_bucket_server_side_encryption_configuration",
      "name": "shopeasy_logs_encryption",
      "provider": "provider[\"registry.terraform.io/hashicorp/aws\"]",
      "instances": [
        {
          "schema_version": 0,
          "attributes": {
            "bucket": "shopeasy-logs-984445750763-us-east-1",
            "expected_bucket_owner": "",
            "id": "shopeasy-logs-984445750763-us-east-1",
            "region": "us-east-1",
            "rule": [
              {
                "apply_server_side_encryption_by_default": [
                  {
                    "kms_master_key_id": "arn:aws:kms:us-east-1:984445750763:key/0103815e-0eab-42e1-96fb-a8c192b5d956",
                    "sse_algorithm": "aws:kms"
                  }
                ],
                "blocked_encryption_types": [
                  "SSE-C"
                ],
                "bucket_key_enabled": false
              }
            ]
          },
          "sensitive_attributes": [],
          "identity_schema_version": 1,
          "identity": {
            "account_id": "984445750763",
            "bucket": "shopeasy-logs-984445750763-us-east-1",
            "region": "us-east-1"
          },
          "private": "bnVsbA==",
          "dependencies": [
            "aws_kms_key.shopeasy_kms",
            "aws_s3_bucket.shopeasy_logs",
            "data.aws_caller_identity.current"
          ]
        }
      ]
    },
    {
      "mode": "managed",
      "type": "aws_s3_bucket_versioning",
      "name": "shopeasy_logs_versioning",
      "provider": "provider[\"registry.terraform.io/hashicorp/aws\"]",
      "instances": [
        {
          "schema_version": 0,
          "attributes": {
            "bucket": "shopeasy-logs-984445750763-us-east-1",
            "expected_bucket_owner": "",
            "id": "shopeasy-logs-984445750763-us-east-1",
            "mfa": null,
            "region": "us-east-1",
            "versioning_configuration": [
              {
                "mfa_delete": "Disabled",
                "status": "Enabled"
              }
            ]
          },
          "sensitive_attributes": [],
          "identity_schema_version": 1,
          "identity": {
            "account_id": "984445750763",
            "bucket": "shopeasy-logs-984445750763-us-east-1",
            "region": "us-east-1"
          },
          "private": "bnVsbA==",
          "dependencies": [
            "aws_s3_bucket.shopeasy_logs",
            "data.aws_caller_identity.current"
          ]
        }
      ]
    },
    {
      "mode": "managed",
      "type": "aws_secretsmanager_secret",
      "name": "rds_credentials",
      "provider": "provider[\"registry.terraform.io/hashicorp/aws\"]",
      "instances": [
        {
          "schema_version": 0,
          "attributes": {
            "arn": "arn:aws:secretsmanager:us-east-1:984445750763:secret:shopeasy-rds-credentials-3cjbdM",
            "description": "RDS credentials for ShopEasy application",
            "force_overwrite_replica_secret": false,
            "id": "arn:aws:secretsmanager:us-east-1:984445750763:secret:shopeasy-rds-credentials-3cjbdM",
            "kms_key_id": "arn:aws:kms:us-east-1:984445750763:key/0103815e-0eab-42e1-96fb-a8c192b5d956",
            "name": "shopeasy-rds-credentials",
            "name_prefix": "",
            "policy": "",
            "recovery_window_in_days": 30,
            "region": "us-east-1",
            "replica": [],
            "tags": {
              "Name": "shopeasy-rds-credentials"
            },
            "tags_all": {
              "Name": "shopeasy-rds-credentials"
            }
          },
          "sensitive_attributes": [],
          "identity_schema_version": 0,
          "identity": {
            "arn": "arn:aws:secretsmanager:us-east-1:984445750763:secret:shopeasy-rds-credentials-3cjbdM"
          },
          "private": "bnVsbA==",
          "dependencies": [
            "aws_kms_key.shopeasy_kms",
            "data.aws_caller_identity.current"
          ]
        }
      ]
    },
    {
      "mode": "managed",
      "type": "aws_secretsmanager_secret_version",
      "name": "rds_credentials_version",
      "provider": "provider[\"registry.terraform.io/hashicorp/aws\"]",
      "instances": [
        {
          "schema_version": 0,
          "attributes": {
            "arn": "arn:aws:secretsmanager:us-east-1:984445750763:secret:shopeasy-rds-credentials-3cjbdM",
            "has_secret_string_wo": null,
            "id": "arn:aws:secretsmanager:us-east-1:984445750763:secret:shopeasy-rds-credentials-3cjbdM|terraform-20260616134640557600000001",
            "region": "us-east-1",
            "secret_arn": "arn:aws:secretsmanager:us-east-1:984445750763:secret:shopeasy-rds-credentials-3cjbdM",
            "secret_binary": "",
            "secret_id": "arn:aws:secretsmanager:us-east-1:984445750763:secret:shopeasy-rds-credentials-3cjbdM",
            "secret_string": "{\"dbname\":\"shopeasy_db\",\"engine\":\"mysql\",\"host\":\"shopeasy-rds-mysql.ccl420w8eagx.us-east-1.rds.amazonaws.com\",\"password\":\"ShopEasyDB2026!\",\"port\":3306,\"username\":\"shopeasyadmin\"}",
            "secret_string_wo": null,
            "secret_string_wo_version": null,
            "version_id": "terraform-20260616134640557600000001",
            "version_stages": [
              "AWSCURRENT"
            ]
          },
          "sensitive_attributes": [
            [
              {
                "type": "get_attr",
                "value": "secret_binary"
              }
            ],
            [
              {
                "type": "get_attr",
                "value": "secret_string"
              }
            ],
            [
              {
                "type": "get_attr",
                "value": "secret_string_wo"
              }
            ]
          ],
          "identity_schema_version": 0,
          "identity": {
            "account_id": "984445750763",
            "region": "us-east-1",
            "secret_id": "arn:aws:secretsmanager:us-east-1:984445750763:secret:shopeasy-rds-credentials-3cjbdM",
            "version_id": "terraform-20260616134640557600000001"
          },
          "private": "bnVsbA==",
          "dependencies": [
            "aws_db_instance.shopeasy_rds",
            "aws_db_subnet_group.shopeasy_db_subnet_group",
            "aws_kms_key.shopeasy_kms",
            "aws_secretsmanager_secret.rds_credentials",
            "aws_security_group.alb_sg",
            "aws_security_group.ec2_sg",
            "aws_security_group.rds_sg",
            "aws_subnet.private_db_az1",
            "aws_subnet.private_db_az2",
            "aws_vpc.shopeasy_vpc",
            "data.aws_availability_zones.available",
            "data.aws_caller_identity.current"
          ]
        }
      ]
    },
    {
      "mode": "managed",
      "type": "aws_security_group",
      "name": "alb_sg",
      "provider": "provider[\"registry.terraform.io/hashicorp/aws\"]",
      "instances": [
        {
          "schema_version": 1,
          "attributes": {
            "arn": "arn:aws:ec2:us-east-1:984445750763:security-group/sg-00bb3b390386f7065",
            "description": "Allow HTTP and HTTPS traffic from the internet to the ALB",
            "egress": [
              {
                "cidr_blocks": [
                  "0.0.0.0/0"
                ],
                "description": "Allow outbound traffic from ALB",
                "from_port": 0,
                "ipv6_cidr_blocks": [],
                "prefix_list_ids": [],
                "protocol": "-1",
                "security_groups": [],
                "self": false,
                "to_port": 0
              }
            ],
            "id": "sg-00bb3b390386f7065",
            "ingress": [
              {
                "cidr_blocks": [
                  "0.0.0.0/0"
                ],
                "description": "Allow HTTP from internet for testing or redirect",
                "from_port": 80,
                "ipv6_cidr_blocks": [],
                "prefix_list_ids": [],
                "protocol": "tcp",
                "security_groups": [],
                "self": false,
                "to_port": 80
              },
              {
                "cidr_blocks": [
                  "0.0.0.0/0"
                ],
                "description": "Allow HTTPS from internet",
                "from_port": 443,
                "ipv6_cidr_blocks": [],
                "prefix_list_ids": [],
                "protocol": "tcp",
                "security_groups": [],
                "self": false,
                "to_port": 443
              }
            ],
            "name": "shopeasy-alb-sg",
            "name_prefix": "",
            "owner_id": "984445750763",
            "region": "us-east-1",
            "revoke_rules_on_delete": false,
            "tags": {
              "Name": "shopeasy-alb-sg"
            },
            "tags_all": {
              "Name": "shopeasy-alb-sg"
            },
            "timeouts": null,
            "vpc_id": "vpc-01f3a99f78d64b8d3"
          },
          "sensitive_attributes": [],
          "identity_schema_version": 0,
          "identity": {
            "account_id": "984445750763",
            "id": "sg-00bb3b390386f7065",
            "region": "us-east-1"
          },
          "private": "eyJlMmJmYjczMC1lY2FhLTExZTYtOGY4OC0zNDM2M2JjN2M0YzAiOnsiY3JlYXRlIjo2MDAwMDAwMDAwMDAsImRlbGV0ZSI6OTAwMDAwMDAwMDAwfSwic2NoZW1hX3ZlcnNpb24iOiIxIn0=",
          "dependencies": [
            "aws_vpc.shopeasy_vpc"
          ]
        }
      ]
    },
    {
      "mode": "managed",
      "type": "aws_security_group",
      "name": "ec2_sg",
      "provider": "provider[\"registry.terraform.io/hashicorp/aws\"]",
      "instances": [
        {
          "schema_version": 1,
          "attributes": {
            "arn": "arn:aws:ec2:us-east-1:984445750763:security-group/sg-0b7e6af80455d94b0",
            "description": "Allow app traffic only from ALB",
            "egress": [
              {
                "cidr_blocks": [
                  "0.0.0.0/0"
                ],
                "description": "Allow outbound traffic from EC2 app servers",
                "from_port": 0,
                "ipv6_cidr_blocks": [],
                "prefix_list_ids": [],
                "protocol": "-1",
                "security_groups": [],
                "self": false,
                "to_port": 0
              }
            ],
            "id": "sg-0b7e6af80455d94b0",
            "ingress": [
              {
                "cidr_blocks": [],
                "description": "Allow HTTP app traffic only from ALB security group",
                "from_port": 80,
                "ipv6_cidr_blocks": [],
                "prefix_list_ids": [],
                "protocol": "tcp",
                "security_groups": [
                  "sg-00bb3b390386f7065"
                ],
                "self": false,
                "to_port": 80
              }
            ],
            "name": "shopeasy-ec2-sg",
            "name_prefix": "",
            "owner_id": "984445750763",
            "region": "us-east-1",
            "revoke_rules_on_delete": false,
            "tags": {
              "Name": "shopeasy-ec2-sg"
            },
            "tags_all": {
              "Name": "shopeasy-ec2-sg"
            },
            "timeouts": null,
            "vpc_id": "vpc-01f3a99f78d64b8d3"
          },
          "sensitive_attributes": [],
          "identity_schema_version": 0,
          "identity": {
            "account_id": "984445750763",
            "id": "sg-0b7e6af80455d94b0",
            "region": "us-east-1"
          },
          "private": "eyJlMmJmYjczMC1lY2FhLTExZTYtOGY4OC0zNDM2M2JjN2M0YzAiOnsiY3JlYXRlIjo2MDAwMDAwMDAwMDAsImRlbGV0ZSI6OTAwMDAwMDAwMDAwfSwic2NoZW1hX3ZlcnNpb24iOiIxIn0=",
          "dependencies": [
            "aws_security_group.alb_sg",
            "aws_vpc.shopeasy_vpc"
          ]
        }
      ]
    },
    {
      "mode": "managed",
      "type": "aws_security_group",
      "name": "rds_sg",
      "provider": "provider[\"registry.terraform.io/hashicorp/aws\"]",
      "instances": [
        {
          "schema_version": 1,
          "attributes": {
            "arn": "arn:aws:ec2:us-east-1:984445750763:security-group/sg-049cab4a326d5d2a9",
            "description": "Allow MySQL access only from EC2 app servers",
            "egress": [
              {
                "cidr_blocks": [
                  "10.0.0.0/16"
                ],
                "description": "Allow outbound traffic from RDS",
                "from_port": 0,
                "ipv6_cidr_blocks": [],
                "prefix_list_ids": [],
                "protocol": "-1",
                "security_groups": [],
                "self": false,
                "to_port": 0
              }
            ],
            "id": "sg-049cab4a326d5d2a9",
            "ingress": [
              {
                "cidr_blocks": [],
                "description": "Allow MySQL only from EC2 security group",
                "from_port": 3306,
                "ipv6_cidr_blocks": [],
                "prefix_list_ids": [],
                "protocol": "tcp",
                "security_groups": [
                  "sg-0b7e6af80455d94b0"
                ],
                "self": false,
                "to_port": 3306
              }
            ],
            "name": "shopeasy-rds-sg",
            "name_prefix": "",
            "owner_id": "984445750763",
            "region": "us-east-1",
            "revoke_rules_on_delete": false,
            "tags": {
              "Name": "shopeasy-rds-sg"
            },
            "tags_all": {
              "Name": "shopeasy-rds-sg"
            },
            "timeouts": null,
            "vpc_id": "vpc-01f3a99f78d64b8d3"
          },
          "sensitive_attributes": [],
          "identity_schema_version": 0,
          "identity": {
            "account_id": "984445750763",
            "id": "sg-049cab4a326d5d2a9",
            "region": "us-east-1"
          },
          "private": "eyJlMmJmYjczMC1lY2FhLTExZTYtOGY4OC0zNDM2M2JjN2M0YzAiOnsiY3JlYXRlIjo2MDAwMDAwMDAwMDAsImRlbGV0ZSI6OTAwMDAwMDAwMDAwfSwic2NoZW1hX3ZlcnNpb24iOiIxIn0=",
          "dependencies": [
            "aws_security_group.alb_sg",
            "aws_security_group.ec2_sg",
            "aws_vpc.shopeasy_vpc"
          ]
        }
      ]
    },
    {
      "mode": "managed",
      "type": "aws_subnet",
      "name": "private_app_az1",
      "provider": "provider[\"registry.terraform.io/hashicorp/aws\"]",
      "instances": [
        {
          "schema_version": 1,
          "attributes": {
            "arn": "arn:aws:ec2:us-east-1:984445750763:subnet/subnet-068764bb3f1bc9f81",
            "assign_ipv6_address_on_creation": false,
            "availability_zone": "us-east-1a",
            "availability_zone_id": "use1-az1",
            "cidr_block": "10.0.11.0/24",
            "customer_owned_ipv4_pool": "",
            "enable_dns64": false,
            "enable_lni_at_device_index": 0,
            "enable_resource_name_dns_a_record_on_launch": false,
            "enable_resource_name_dns_aaaa_record_on_launch": false,
            "id": "subnet-068764bb3f1bc9f81",
            "ipv4_ipam_pool_id": null,
            "ipv4_netmask_length": null,
            "ipv6_cidr_block": "",
            "ipv6_cidr_block_association_id": "",
            "ipv6_ipam_pool_id": null,
            "ipv6_native": false,
            "ipv6_netmask_length": null,
            "map_customer_owned_ip_on_launch": false,
            "map_public_ip_on_launch": false,
            "outpost_arn": "",
            "owner_id": "984445750763",
            "private_dns_hostname_type_on_launch": "ip-name",
            "region": "us-east-1",
            "tags": {
              "Name": "shopeasy-private-app-subnet-az1"
            },
            "tags_all": {
              "Name": "shopeasy-private-app-subnet-az1"
            },
            "timeouts": null,
            "vpc_id": "vpc-01f3a99f78d64b8d3"
          },
          "sensitive_attributes": [],
          "identity_schema_version": 0,
          "identity": {
            "account_id": "984445750763",
            "id": "subnet-068764bb3f1bc9f81",
            "region": "us-east-1"
          },
          "private": "eyJlMmJmYjczMC1lY2FhLTExZTYtOGY4OC0zNDM2M2JjN2M0YzAiOnsiY3JlYXRlIjo2MDAwMDAwMDAwMDAsImRlbGV0ZSI6MTIwMDAwMDAwMDAwMH0sInNjaGVtYV92ZXJzaW9uIjoiMSJ9",
          "dependencies": [
            "aws_vpc.shopeasy_vpc",
            "data.aws_availability_zones.available"
          ]
        }
      ]
    },
    {
      "mode": "managed",
      "type": "aws_subnet",
      "name": "private_app_az2",
      "provider": "provider[\"registry.terraform.io/hashicorp/aws\"]",
      "instances": [
        {
          "schema_version": 1,
          "attributes": {
            "arn": "arn:aws:ec2:us-east-1:984445750763:subnet/subnet-0ebe2cd1bffadafc2",
            "assign_ipv6_address_on_creation": false,
            "availability_zone": "us-east-1b",
            "availability_zone_id": "use1-az2",
            "cidr_block": "10.0.12.0/24",
            "customer_owned_ipv4_pool": "",
            "enable_dns64": false,
            "enable_lni_at_device_index": 0,
            "enable_resource_name_dns_a_record_on_launch": false,
            "enable_resource_name_dns_aaaa_record_on_launch": false,
            "id": "subnet-0ebe2cd1bffadafc2",
            "ipv4_ipam_pool_id": null,
            "ipv4_netmask_length": null,
            "ipv6_cidr_block": "",
            "ipv6_cidr_block_association_id": "",
            "ipv6_ipam_pool_id": null,
            "ipv6_native": false,
            "ipv6_netmask_length": null,
            "map_customer_owned_ip_on_launch": false,
            "map_public_ip_on_launch": false,
            "outpost_arn": "",
            "owner_id": "984445750763",
            "private_dns_hostname_type_on_launch": "ip-name",
            "region": "us-east-1",
            "tags": {
              "Name": "shopeasy-private-app-subnet-az2"
            },
            "tags_all": {
              "Name": "shopeasy-private-app-subnet-az2"
            },
            "timeouts": null,
            "vpc_id": "vpc-01f3a99f78d64b8d3"
          },
          "sensitive_attributes": [],
          "identity_schema_version": 0,
          "identity": {
            "account_id": "984445750763",
            "id": "subnet-0ebe2cd1bffadafc2",
            "region": "us-east-1"
          },
          "private": "eyJlMmJmYjczMC1lY2FhLTExZTYtOGY4OC0zNDM2M2JjN2M0YzAiOnsiY3JlYXRlIjo2MDAwMDAwMDAwMDAsImRlbGV0ZSI6MTIwMDAwMDAwMDAwMH0sInNjaGVtYV92ZXJzaW9uIjoiMSJ9",
          "dependencies": [
            "aws_vpc.shopeasy_vpc",
            "data.aws_availability_zones.available"
          ]
        }
      ]
    },
    {
      "mode": "managed",
      "type": "aws_subnet",
      "name": "private_db_az1",
      "provider": "provider[\"registry.terraform.io/hashicorp/aws\"]",
      "instances": [
        {
          "schema_version": 1,
          "attributes": {
            "arn": "arn:aws:ec2:us-east-1:984445750763:subnet/subnet-0beade8c8ef6b85eb",
            "assign_ipv6_address_on_creation": false,
            "availability_zone": "us-east-1a",
            "availability_zone_id": "use1-az1",
            "cidr_block": "10.0.21.0/24",
            "customer_owned_ipv4_pool": "",
            "enable_dns64": false,
            "enable_lni_at_device_index": 0,
            "enable_resource_name_dns_a_record_on_launch": false,
            "enable_resource_name_dns_aaaa_record_on_launch": false,
            "id": "subnet-0beade8c8ef6b85eb",
            "ipv4_ipam_pool_id": null,
            "ipv4_netmask_length": null,
            "ipv6_cidr_block": "",
            "ipv6_cidr_block_association_id": "",
            "ipv6_ipam_pool_id": null,
            "ipv6_native": false,
            "ipv6_netmask_length": null,
            "map_customer_owned_ip_on_launch": false,
            "map_public_ip_on_launch": false,
            "outpost_arn": "",
            "owner_id": "984445750763",
            "private_dns_hostname_type_on_launch": "ip-name",
            "region": "us-east-1",
            "tags": {
              "Name": "shopeasy-private-db-subnet-az1"
            },
            "tags_all": {
              "Name": "shopeasy-private-db-subnet-az1"
            },
            "timeouts": null,
            "vpc_id": "vpc-01f3a99f78d64b8d3"
          },
          "sensitive_attributes": [],
          "identity_schema_version": 0,
          "identity": {
            "account_id": "984445750763",
            "id": "subnet-0beade8c8ef6b85eb",
            "region": "us-east-1"
          },
          "private": "eyJlMmJmYjczMC1lY2FhLTExZTYtOGY4OC0zNDM2M2JjN2M0YzAiOnsiY3JlYXRlIjo2MDAwMDAwMDAwMDAsImRlbGV0ZSI6MTIwMDAwMDAwMDAwMH0sInNjaGVtYV92ZXJzaW9uIjoiMSJ9",
          "dependencies": [
            "aws_vpc.shopeasy_vpc",
            "data.aws_availability_zones.available"
          ]
        }
      ]
    },
    {
      "mode": "managed",
      "type": "aws_subnet",
      "name": "private_db_az2",
      "provider": "provider[\"registry.terraform.io/hashicorp/aws\"]",
      "instances": [
        {
          "schema_version": 1,
          "attributes": {
            "arn": "arn:aws:ec2:us-east-1:984445750763:subnet/subnet-0c15722a6c6fd80de",
            "assign_ipv6_address_on_creation": false,
            "availability_zone": "us-east-1b",
            "availability_zone_id": "use1-az2",
            "cidr_block": "10.0.22.0/24",
            "customer_owned_ipv4_pool": "",
            "enable_dns64": false,
            "enable_lni_at_device_index": 0,
            "enable_resource_name_dns_a_record_on_launch": false,
            "enable_resource_name_dns_aaaa_record_on_launch": false,
            "id": "subnet-0c15722a6c6fd80de",
            "ipv4_ipam_pool_id": null,
            "ipv4_netmask_length": null,
            "ipv6_cidr_block": "",
            "ipv6_cidr_block_association_id": "",
            "ipv6_ipam_pool_id": null,
            "ipv6_native": false,
            "ipv6_netmask_length": null,
            "map_customer_owned_ip_on_launch": false,
            "map_public_ip_on_launch": false,
            "outpost_arn": "",
            "owner_id": "984445750763",
            "private_dns_hostname_type_on_launch": "ip-name",
            "region": "us-east-1",
            "tags": {
              "Name": "shopeasy-private-db-subnet-az2"
            },
            "tags_all": {
              "Name": "shopeasy-private-db-subnet-az2"
            },
            "timeouts": null,
            "vpc_id": "vpc-01f3a99f78d64b8d3"
          },
          "sensitive_attributes": [],
          "identity_schema_version": 0,
          "identity": {
            "account_id": "984445750763",
            "id": "subnet-0c15722a6c6fd80de",
            "region": "us-east-1"
          },
          "private": "eyJlMmJmYjczMC1lY2FhLTExZTYtOGY4OC0zNDM2M2JjN2M0YzAiOnsiY3JlYXRlIjo2MDAwMDAwMDAwMDAsImRlbGV0ZSI6MTIwMDAwMDAwMDAwMH0sInNjaGVtYV92ZXJzaW9uIjoiMSJ9",
          "dependencies": [
            "aws_vpc.shopeasy_vpc",
            "data.aws_availability_zones.available"
          ]
        }
      ]
    },
    {
      "mode": "managed",
      "type": "aws_subnet",
      "name": "public_az1",
      "provider": "provider[\"registry.terraform.io/hashicorp/aws\"]",
      "instances": [
        {
          "schema_version": 1,
          "attributes": {
            "arn": "arn:aws:ec2:us-east-1:984445750763:subnet/subnet-0054d55430f8b4731",
            "assign_ipv6_address_on_creation": false,
            "availability_zone": "us-east-1a",
            "availability_zone_id": "use1-az1",
            "cidr_block": "10.0.1.0/24",
            "customer_owned_ipv4_pool": "",
            "enable_dns64": false,
            "enable_lni_at_device_index": 0,
            "enable_resource_name_dns_a_record_on_launch": false,
            "enable_resource_name_dns_aaaa_record_on_launch": false,
            "id": "subnet-0054d55430f8b4731",
            "ipv4_ipam_pool_id": null,
            "ipv4_netmask_length": null,
            "ipv6_cidr_block": "",
            "ipv6_cidr_block_association_id": "",
            "ipv6_ipam_pool_id": null,
            "ipv6_native": false,
            "ipv6_netmask_length": null,
            "map_customer_owned_ip_on_launch": false,
            "map_public_ip_on_launch": true,
            "outpost_arn": "",
            "owner_id": "984445750763",
            "private_dns_hostname_type_on_launch": "ip-name",
            "region": "us-east-1",
            "tags": {
              "Name": "shopeasy-public-subnet-az1"
            },
            "tags_all": {
              "Name": "shopeasy-public-subnet-az1"
            },
            "timeouts": null,
            "vpc_id": "vpc-01f3a99f78d64b8d3"
          },
          "sensitive_attributes": [],
          "identity_schema_version": 0,
          "identity": {
            "account_id": "984445750763",
            "id": "subnet-0054d55430f8b4731",
            "region": "us-east-1"
          },
          "private": "eyJlMmJmYjczMC1lY2FhLTExZTYtOGY4OC0zNDM2M2JjN2M0YzAiOnsiY3JlYXRlIjo2MDAwMDAwMDAwMDAsImRlbGV0ZSI6MTIwMDAwMDAwMDAwMH0sInNjaGVtYV92ZXJzaW9uIjoiMSJ9",
          "dependencies": [
            "aws_vpc.shopeasy_vpc",
            "data.aws_availability_zones.available"
          ]
        }
      ]
    },
    {
      "mode": "managed",
      "type": "aws_subnet",
      "name": "public_az2",
      "provider": "provider[\"registry.terraform.io/hashicorp/aws\"]",
      "instances": [
        {
          "schema_version": 1,
          "attributes": {
            "arn": "arn:aws:ec2:us-east-1:984445750763:subnet/subnet-0e3cc0e59ff26597d",
            "assign_ipv6_address_on_creation": false,
            "availability_zone": "us-east-1b",
            "availability_zone_id": "use1-az2",
            "cidr_block": "10.0.2.0/24",
            "customer_owned_ipv4_pool": "",
            "enable_dns64": false,
            "enable_lni_at_device_index": 0,
            "enable_resource_name_dns_a_record_on_launch": false,
            "enable_resource_name_dns_aaaa_record_on_launch": false,
            "id": "subnet-0e3cc0e59ff26597d",
            "ipv4_ipam_pool_id": null,
            "ipv4_netmask_length": null,
            "ipv6_cidr_block": "",
            "ipv6_cidr_block_association_id": "",
            "ipv6_ipam_pool_id": null,
            "ipv6_native": false,
            "ipv6_netmask_length": null,
            "map_customer_owned_ip_on_launch": false,
            "map_public_ip_on_launch": true,
            "outpost_arn": "",
            "owner_id": "984445750763",
            "private_dns_hostname_type_on_launch": "ip-name",
            "region": "us-east-1",
            "tags": {
              "Name": "shopeasy-public-subnet-az2"
            },
            "tags_all": {
              "Name": "shopeasy-public-subnet-az2"
            },
            "timeouts": null,
            "vpc_id": "vpc-01f3a99f78d64b8d3"
          },
          "sensitive_attributes": [],
          "identity_schema_version": 0,
          "identity": {
            "account_id": "984445750763",
            "id": "subnet-0e3cc0e59ff26597d",
            "region": "us-east-1"
          },
          "private": "eyJlMmJmYjczMC1lY2FhLTExZTYtOGY4OC0zNDM2M2JjN2M0YzAiOnsiY3JlYXRlIjo2MDAwMDAwMDAwMDAsImRlbGV0ZSI6MTIwMDAwMDAwMDAwMH0sInNjaGVtYV92ZXJzaW9uIjoiMSJ9",
          "dependencies": [
            "aws_vpc.shopeasy_vpc",
            "data.aws_availability_zones.available"
          ]
        }
      ]
    },
    {
      "mode": "managed",
      "type": "aws_vpc",
      "name": "shopeasy_vpc",
      "provider": "provider[\"registry.terraform.io/hashicorp/aws\"]",
      "instances": [
        {
          "schema_version": 1,
          "attributes": {
            "arn": "arn:aws:ec2:us-east-1:984445750763:vpc/vpc-01f3a99f78d64b8d3",
            "assign_generated_ipv6_cidr_block": false,
            "cidr_block": "10.0.0.0/16",
            "default_network_acl_id": "acl-0ad5d176913d467f1",
            "default_route_table_id": "rtb-06818f819f882240e",
            "default_security_group_id": "sg-0b18c6c600a045b81",
            "dhcp_options_id": "dopt-06bac75d3d7286606",
            "enable_dns_hostnames": true,
            "enable_dns_support": true,
            "enable_network_address_usage_metrics": false,
            "id": "vpc-01f3a99f78d64b8d3",
            "instance_tenancy": "default",
            "ipv4_ipam_pool_id": null,
            "ipv4_netmask_length": null,
            "ipv6_association_id": "",
            "ipv6_cidr_block": "",
            "ipv6_cidr_block_network_border_group": "",
            "ipv6_ipam_pool_id": "",
            "ipv6_netmask_length": 0,
            "main_route_table_id": "rtb-06818f819f882240e",
            "owner_id": "984445750763",
            "region": "us-east-1",
            "tags": {
              "Name": "shopeasy-vpc"
            },
            "tags_all": {
              "Name": "shopeasy-vpc"
            }
          },
          "sensitive_attributes": [],
          "identity_schema_version": 0,
          "identity": {
            "account_id": "984445750763",
            "id": "vpc-01f3a99f78d64b8d3",
            "region": "us-east-1"
          },
          "private": "eyJzY2hlbWFfdmVyc2lvbiI6IjEifQ=="
        }
      ]
    },
    {
      "mode": "managed",
      "type": "aws_wafv2_web_acl",
      "name": "shopeasy_waf",
      "provider": "provider[\"registry.terraform.io/hashicorp/aws\"]",
      "instances": [
        {
          "schema_version": 0,
          "attributes": {
            "application_integration_url": "",
            "arn": "arn:aws:wafv2:us-east-1:984445750763:regional/webacl/shopeasy-waf/9df04c5c-b9bb-4573-81c4-ddea5186c916",
            "association_config": [],
            "capacity": 900,
            "captcha_config": [],
            "challenge_config": [],
            "custom_response_body": [],
            "data_protection_config": [],
            "default_action": [
              {
                "allow": [
                  {
                    "custom_request_handling": []
                  }
                ],
                "block": []
              }
            ],
            "description": "WAF Web ACL to protect the ShopEasy public web application",
            "id": "9df04c5c-b9bb-4573-81c4-ddea5186c916",
            "lock_token": "f242193a-2ff7-4ca2-a4e2-4ad46b5c55fd",
            "name": "shopeasy-waf",
            "name_prefix": "",
            "region": "us-east-1",
            "rule": [
              {
                "action": [],
                "captcha_config": [],
                "challenge_config": [],
                "name": "AWSManagedRulesCommonRuleSet",
                "override_action": [
                  {
                    "count": [],
                    "none": [
                      {}
                    ]
                  }
                ],
                "priority": 1,
                "rule_label": [],
                "statement": [
                  {
                    "and_statement": [],
                    "asn_match_statement": [],
                    "byte_match_statement": [],
                    "geo_match_statement": [],
                    "ip_set_reference_statement": [],
                    "label_match_statement": [],
                    "managed_rule_group_statement": [
                      {
                        "managed_rule_group_configs": [],
                        "name": "AWSManagedRulesCommonRuleSet",
                        "rule_action_override": [],
                        "scope_down_statement": [],
                        "vendor_name": "AWS",
                        "version": ""
                      }
                    ],
                    "not_statement": [],
                    "or_statement": [],
                    "rate_based_statement": [],
                    "regex_match_statement": [],
                    "regex_pattern_set_reference_statement": [],
                    "rule_group_reference_statement": [],
                    "size_constraint_statement": [],
                    "sqli_match_statement": [],
                    "xss_match_statement": []
                  }
                ],
                "visibility_config": [
                  {
                    "cloudwatch_metrics_enabled": true,
                    "metric_name": "shopeasy-common-rules",
                    "sampled_requests_enabled": true
                  }
                ]
              },
              {
                "action": [],
                "captcha_config": [],
                "challenge_config": [],
                "name": "AWSManagedRulesSQLiRuleSet",
                "override_action": [
                  {
                    "count": [],
                    "none": [
                      {}
                    ]
                  }
                ],
                "priority": 2,
                "rule_label": [],
                "statement": [
                  {
                    "and_statement": [],
                    "asn_match_statement": [],
                    "byte_match_statement": [],
                    "geo_match_statement": [],
                    "ip_set_reference_statement": [],
                    "label_match_statement": [],
                    "managed_rule_group_statement": [
                      {
                        "managed_rule_group_configs": [],
                        "name": "AWSManagedRulesSQLiRuleSet",
                        "rule_action_override": [],
                        "scope_down_statement": [],
                        "vendor_name": "AWS",
                        "version": ""
                      }
                    ],
                    "not_statement": [],
                    "or_statement": [],
                    "rate_based_statement": [],
                    "regex_match_statement": [],
                    "regex_pattern_set_reference_statement": [],
                    "rule_group_reference_statement": [],
                    "size_constraint_statement": [],
                    "sqli_match_statement": [],
                    "xss_match_statement": []
                  }
                ],
                "visibility_config": [
                  {
                    "cloudwatch_metrics_enabled": true,
                    "metric_name": "shopeasy-sqli-rules",
                    "sampled_requests_enabled": true
                  }
                ]
              }
            ],
            "rule_json": null,
            "scope": "REGIONAL",
            "tags": {
              "Name": "shopeasy-waf"
            },
            "tags_all": {
              "Name": "shopeasy-waf"
            },
            "token_domains": [],
            "visibility_config": [
              {
                "cloudwatch_metrics_enabled": true,
                "metric_name": "shopeasy-waf",
                "sampled_requests_enabled": true
              }
            ]
          },
          "sensitive_attributes": [],
          "identity_schema_version": 0,
          "private": "bnVsbA=="
        }
      ]
    },
    {
      "mode": "managed",
      "type": "aws_wafv2_web_acl_association",
      "name": "shopeasy_waf_alb_association",
      "provider": "provider[\"registry.terraform.io/hashicorp/aws\"]",
      "instances": [
        {
          "schema_version": 0,
          "attributes": {
            "id": "arn:aws:wafv2:us-east-1:984445750763:regional/webacl/shopeasy-waf/9df04c5c-b9bb-4573-81c4-ddea5186c916,arn:aws:elasticloadbalancing:us-east-1:984445750763:loadbalancer/app/shopeasy-alb/b682fccb350c25f2",
            "region": "us-east-1",
            "resource_arn": "arn:aws:elasticloadbalancing:us-east-1:984445750763:loadbalancer/app/shopeasy-alb/b682fccb350c25f2",
            "timeouts": null,
            "web_acl_arn": "arn:aws:wafv2:us-east-1:984445750763:regional/webacl/shopeasy-waf/9df04c5c-b9bb-4573-81c4-ddea5186c916"
          },
          "sensitive_attributes": [],
          "identity_schema_version": 0,
          "private": "eyJlMmJmYjczMC1lY2FhLTExZTYtOGY4OC0zNDM2M2JjN2M0YzAiOnsiY3JlYXRlIjo2MDAwMDAwMDAwMDB9fQ==",
          "dependencies": [
            "aws_lb.shopeasy_alb",
            "aws_security_group.alb_sg",
            "aws_subnet.public_az1",
            "aws_subnet.public_az2",
            "aws_vpc.shopeasy_vpc",
            "aws_wafv2_web_acl.shopeasy_waf",
            "data.aws_availability_zones.available"
          ]
        }
      ]
    },
    {
      "mode": "managed",
      "type": "tls_private_key",
      "name": "shopeasy_tls_key",
      "provider": "provider[\"registry.terraform.io/hashicorp/tls\"]",
      "instances": [
        {
          "schema_version": 1,
          "attributes": {
            "algorithm": "RSA",
            "ecdsa_curve": "P224",
            "id": "9c391e07890fac30252d5c6d8ef2830c3c5f7899",
            "private_key_openssh": "-----BEGIN OPENSSH PRIVATE KEY-----\nb3BlbnNzaC1rZXktdjEAAAAABG5vbmUAAAAEbm9uZQAAAAAAAAABAAABFwAAAAdz\nc2gtcnNhAAAAAwEAAQAAAQEAz5A2cb7/QfxdD6DqUlsI2t+ims7sky08DwKR2D8V\nFWNWjcKAVY8aSZTXQFcJKihePRS9jSyuUlcEgus34svGmdD2Duzp3nX7paws8BFl\n5ev33mEt76foCecUrwhUvD7+tV47Qq5Q0AMuOqMmas3WmDnEGJ0XqUoSxHY6bqi5\ndOYbrJ7br8S0GvD1ZUnlqYTRsXEYH2qGFM8/+14SYeUqIuO3mK0nrjQ4//CUeDiC\nXwWIeIKXNHL/VeMDC3IoOFdRnmEZS2g+sFSAOWfIK76wKlANDXV2eCDunKELej/b\nQurxJQibBqWUpTGA6bM5/d1aya/UXOXWInFG4PfsTjnz0QAAA7jOi3A0zotwNAAA\nAAdzc2gtcnNhAAABAQDPkDZxvv9B/F0PoOpSWwja36KazuyTLTwPApHYPxUVY1aN\nwoBVjxpJlNdAVwkqKF49FL2NLK5SVwSC6zfiy8aZ0PYO7OnedfulrCzwEWXl6/fe\nYS3vp+gJ5xSvCFS8Pv61XjtCrlDQAy46oyZqzdaYOcQYnRepShLEdjpuqLl05hus\nntuvxLQa8PVlSeWphNGxcRgfaoYUzz/7XhJh5Soi47eYrSeuNDj/8JR4OIJfBYh4\ngpc0cv9V4wMLcig4V1GeYRlLaD6wVIA5Z8grvrAqUA0NdXZ4IO6coQt6P9tC6vEl\nCJsGpZSlMYDpszn93VrJr9Rc5dYicUbg9+xOOfPRAAAAAwEAAQAAAQATyPRXnVQp\njwuz3KvZU9IhQuX2CbllQg+SgrUyPrkcw85RTvP6s9xWnThzaph2C0kIW3zCAztO\nn/rPG+rE1JXGvbNmstCMIwTswt+5tn7XDsoeyXaefIvSvdMr6AhjtUGEOko9ze3o\nFhWHA1w7HAnTktYNXpQN0AC/92EUgULEUKq2+rmN1FJeVK0p2BhhVWY22V+FIxJe\nrmWb8+cIYS73zeHFx0+cMb7Fz6jzsvpScWXsznDQBLEwLhpFH5lbhVWomHsZlEqy\nBV3CZ4kATVI7h0yPQqgEBSz4V7HlUZjvMXYEVNyJqnZOmaLlcp//lETCmYDIokql\nrcRt6L1tqK2RAAAAgAy72fsxAsn/0XDlW5I/+KxpR0S7n5SlZAQQKjhzPnLJZO0V\nkYTBf7qEl3hYcDR8tLv9JF8uBNUNkJlaDpPmG+ezImVUc8vWokQMljhSYEFLQkel\ndewcYf58D89KNniPY71LUk9S85/Ev0IzCc+iRflWW8YtdVxYdqpqufFIIFY0AAAA\ngQD9qfWor+q///zX2rxNG3matDkuQ0QdHo3mXDzrkUZrZmUavks/TBSjG8xy9Yym\np/KsPAzNyHgynC8ocrybHK5Pbz9yD/mETaO6VWm74US7DBM95zWd5egDDSpILAQj\nxMf19h7B0DJInKJ4onQWZ4FVtv0qQoO1jehs3c1vaPTuFQAAAIEA0XmQ4FyX7Vue\nHqrVoQUjx7gaRSRKfgkdkBw4Lstdp7TL6u7o63ofdsPKWqmQXCtNsSh87tFCwGVQ\nQT3H2XLBLd8NLQc/1giyVthXkmyO6swiKzUyuJ7Lljgw4f+yLbpHUlCFk5uMFz/C\nunRYCU+eGyqehxnOd0tebuee5bSKWc0AAAAAAQID\n-----END OPENSSH PRIVATE KEY-----\n",
            "private_key_pem": "-----BEGIN RSA PRIVATE KEY-----\nMIIEogIBAAKCAQEAz5A2cb7/QfxdD6DqUlsI2t+ims7sky08DwKR2D8VFWNWjcKA\nVY8aSZTXQFcJKihePRS9jSyuUlcEgus34svGmdD2Duzp3nX7paws8BFl5ev33mEt\n76foCecUrwhUvD7+tV47Qq5Q0AMuOqMmas3WmDnEGJ0XqUoSxHY6bqi5dOYbrJ7b\nr8S0GvD1ZUnlqYTRsXEYH2qGFM8/+14SYeUqIuO3mK0nrjQ4//CUeDiCXwWIeIKX\nNHL/VeMDC3IoOFdRnmEZS2g+sFSAOWfIK76wKlANDXV2eCDunKELej/bQurxJQib\nBqWUpTGA6bM5/d1aya/UXOXWInFG4PfsTjnz0QIDAQABAoIBABPI9FedVCmPC7Pc\nq9lT0iFC5fYJuWVCD5KCtTI+uRzDzlFO8/qz3FadOHNqmHYLSQhbfMIDO06f+s8b\n6sTUlca9s2ay0IwjBOzC37m2ftcOyh7Jdp58i9K90yvoCGO1QYQ6Sj3N7egWFYcD\nXDscCdOS1g1elA3QAL/3YRSBQsRQqrb6uY3UUl5UrSnYGGFVZjbZX4UjEl6uZZvz\n5whhLvfN4cXHT5wxvsXPqPOy+lJxZezOcNAEsTAuGkUfmVuFVaiYexmUSrIFXcJn\niQBNUjuHTI9CqAQFLPhXseVRmO8xdgRU3Imqdk6ZouVyn/+URMKZgMiiSqWtxG3o\nvW2orZECgYEA/an1qK/qv//819q8TRt5mrQ5LkNEHR6N5lw865FGa2ZlGr5LP0wU\noxvMcvWMpqfyrDwMzch4MpwvKHK8mxyuT28/cg/5hE2julVpu+FEuwwTPec1neXo\nAw0qSCwEI8TH9fYewdAySJyieKJ0FmeBVbb9KkKDtY3obN3Nb2j07hUCgYEA0XmQ\n4FyX7VueHqrVoQUjx7gaRSRKfgkdkBw4Lstdp7TL6u7o63ofdsPKWqmQXCtNsSh8\n7tFCwGVQQT3H2XLBLd8NLQc/1giyVthXkmyO6swiKzUyuJ7Lljgw4f+yLbpHUlCF\nk5uMFz/CunRYCU+eGyqehxnOd0tebuee5bSKWc0CgYBZZeHPHpiULCq3BD7iyfEU\nhbm1RT2nKZKHAjDyMJPp2/976l7oou6PAYgPZ9y3C2+qJcu5ZpJ9+69fCPjRjc0c\n768jit+8MgSm8d0+usiXR00svuSVjmYzVRt2rhSTapGybJgwZCikkJdt/or9LmNV\nixU0JJb4kFe+rnjtb8cKdQKBgD2kvqOn2/W3nmJ79335Gzxsyx5Jvbo1SIPeKhJr\nOlZd+BxcziJtv9CdcXEYsSjOfYCC37EP18ryhZmNasBs6rhrCV+U4I5F5OV1qN+o\nHq6t/+gjMZfu8w5z3r7DFlYqmU5577Uucx1sYAuqrTWgPnDUK+6qA35LqbCNbM9A\nP+6JAoGADLvZ+zECyf/RcOVbkj/4rGlHRLuflKVkBBAqOHM+cslk7RWRhMF/uoSX\neFhwNHy0u/0kXy4E1Q2QmVoOk+Yb57MiZVRzy9aiRAyWOFJgQUtCR6V17Bxh/nwP\nz0o2eI9jvUtST1Lzn8S/QjMJz6JF+VZbxi11XFh2qmq58UggVjQ=\n-----END RSA PRIVATE KEY-----\n",
            "private_key_pem_pkcs8": "-----BEGIN PRIVATE KEY-----\nMIIEvAIBADANBgkqhkiG9w0BAQEFAASCBKYwggSiAgEAAoIBAQDPkDZxvv9B/F0P\noOpSWwja36KazuyTLTwPApHYPxUVY1aNwoBVjxpJlNdAVwkqKF49FL2NLK5SVwSC\n6zfiy8aZ0PYO7OnedfulrCzwEWXl6/feYS3vp+gJ5xSvCFS8Pv61XjtCrlDQAy46\noyZqzdaYOcQYnRepShLEdjpuqLl05husntuvxLQa8PVlSeWphNGxcRgfaoYUzz/7\nXhJh5Soi47eYrSeuNDj/8JR4OIJfBYh4gpc0cv9V4wMLcig4V1GeYRlLaD6wVIA5\nZ8grvrAqUA0NdXZ4IO6coQt6P9tC6vElCJsGpZSlMYDpszn93VrJr9Rc5dYicUbg\n9+xOOfPRAgMBAAECggEAE8j0V51UKY8Ls9yr2VPSIULl9gm5ZUIPkoK1Mj65HMPO\nUU7z+rPcVp04c2qYdgtJCFt8wgM7Tp/6zxvqxNSVxr2zZrLQjCME7MLfubZ+1w7K\nHsl2nnyL0r3TK+gIY7VBhDpKPc3t6BYVhwNcOxwJ05LWDV6UDdAAv/dhFIFCxFCq\ntvq5jdRSXlStKdgYYVVmNtlfhSMSXq5lm/PnCGEu983hxcdPnDG+xc+o87L6UnFl\n7M5w0ASxMC4aRR+ZW4VVqJh7GZRKsgVdwmeJAE1SO4dMj0KoBAUs+Fex5VGY7zF2\nBFTciap2Tpmi5XKf/5REwpmAyKJKpa3Ebei9baitkQKBgQD9qfWor+q///zX2rxN\nG3matDkuQ0QdHo3mXDzrkUZrZmUavks/TBSjG8xy9Yymp/KsPAzNyHgynC8ocryb\nHK5Pbz9yD/mETaO6VWm74US7DBM95zWd5egDDSpILAQjxMf19h7B0DJInKJ4onQW\nZ4FVtv0qQoO1jehs3c1vaPTuFQKBgQDReZDgXJftW54eqtWhBSPHuBpFJEp+CR2Q\nHDguy12ntMvq7ujreh92w8paqZBcK02xKHzu0ULAZVBBPcfZcsEt3w0tBz/WCLJW\n2FeSbI7qzCIrNTK4nsuWODDh/7ItukdSUIWTm4wXP8K6dFgJT54bKp6HGc53S15u\n557ltIpZzQKBgFll4c8emJQsKrcEPuLJ8RSFubVFPacpkocCMPIwk+nb/3vqXuii\n7o8BiA9n3LcLb6oly7lmkn37r18I+NGNzRzvryOK37wyBKbx3T66yJdHTSy+5JWO\nZjNVG3auFJNqkbJsmDBkKKSQl23+iv0uY1WLFTQklviQV76ueO1vxwp1AoGAPaS+\no6fb9beeYnv3ffkbPGzLHkm9ujVIg94qEms6Vl34HFzOIm2/0J1xcRixKM59gILf\nsQ/XyvKFmY1qwGzquGsJX5TgjkXk5XWo36gerq3/6CMxl+7zDnPevsMWViqZTnnv\ntS5zHWxgC6qtNaA+cNQr7qoDfkupsI1sz0A/7okCgYAMu9n7MQLJ/9Fw5VuSP/is\naUdEu5+UpWQEECo4cz5yyWTtFZGEwX+6hJd4WHA0fLS7/SRfLgTVDZCZWg6T5hvn\nsyJlVHPL1qJEDJY4UmBBS0JHpXXsHGH+fA/PSjZ4j2O9S1JPUvOfxL9CMwnPokX5\nVlvGLXVcWHaqarnxSCBWNA==\n-----END PRIVATE KEY-----\n",
            "public_key_fingerprint_md5": "2d:3d:95:04:63:d2:ba:53:42:aa:60:0e:1f:e1:c6:be",
            "public_key_fingerprint_sha256": "SHA256:+UXyUzSJWa8kiXzHyTZSY8Mo8ri38LMGWcnG5ML78eI",
            "public_key_openssh": "ssh-rsa AAAAB3NzaC1yc2EAAAADAQABAAABAQDPkDZxvv9B/F0PoOpSWwja36KazuyTLTwPApHYPxUVY1aNwoBVjxpJlNdAVwkqKF49FL2NLK5SVwSC6zfiy8aZ0PYO7OnedfulrCzwEWXl6/feYS3vp+gJ5xSvCFS8Pv61XjtCrlDQAy46oyZqzdaYOcQYnRepShLEdjpuqLl05husntuvxLQa8PVlSeWphNGxcRgfaoYUzz/7XhJh5Soi47eYrSeuNDj/8JR4OIJfBYh4gpc0cv9V4wMLcig4V1GeYRlLaD6wVIA5Z8grvrAqUA0NdXZ4IO6coQt6P9tC6vElCJsGpZSlMYDpszn93VrJr9Rc5dYicUbg9+xOOfPR\n",
            "public_key_pem": "-----BEGIN PUBLIC KEY-----\nMIIBIjANBgkqhkiG9w0BAQEFAAOCAQ8AMIIBCgKCAQEAz5A2cb7/QfxdD6DqUlsI\n2t+ims7sky08DwKR2D8VFWNWjcKAVY8aSZTXQFcJKihePRS9jSyuUlcEgus34svG\nmdD2Duzp3nX7paws8BFl5ev33mEt76foCecUrwhUvD7+tV47Qq5Q0AMuOqMmas3W\nmDnEGJ0XqUoSxHY6bqi5dOYbrJ7br8S0GvD1ZUnlqYTRsXEYH2qGFM8/+14SYeUq\nIuO3mK0nrjQ4//CUeDiCXwWIeIKXNHL/VeMDC3IoOFdRnmEZS2g+sFSAOWfIK76w\nKlANDXV2eCDunKELej/bQurxJQibBqWUpTGA6bM5/d1aya/UXOXWInFG4PfsTjnz\n0QIDAQAB\n-----END PUBLIC KEY-----\n",
            "rsa_bits": 2048
          },
          "sensitive_attributes": [
            [
              {
                "type": "get_attr",
                "value": "private_key_openssh"
              }
            ],
            [
              {
                "type": "get_attr",
                "value": "private_key_pem"
              }
            ],
            [
              {
                "type": "get_attr",
                "value": "private_key_pem_pkcs8"
              }
            ]
          ],
          "identity_schema_version": 0
        }
      ]
    },
    {
      "mode": "managed",
      "type": "tls_self_signed_cert",
      "name": "shopeasy_tls_cert",
      "provider": "provider[\"registry.terraform.io/hashicorp/tls\"]",
      "instances": [
        {
          "schema_version": 0,
          "attributes": {
            "allowed_uses": [
              "key_encipherment",
              "digital_signature",
              "server_auth"
            ],
            "cert_pem": "-----BEGIN CERTIFICATE-----\nMIIDGDCCAgCgAwIBAgIRAPX6Yzu6+f+B03BKovtRF9cwDQYJKoZIhvcNAQELBQAw\nLDERMA8GA1UEChMIU2hvcEVhc3kxFzAVBgNVBAMTDnNob3BlYXN5LmxvY2FsMB4X\nDTI2MDYxNjE0MTc0MloXDTI3MDYxNjE0MTc0MlowLDERMA8GA1UEChMIU2hvcEVh\nc3kxFzAVBgNVBAMTDnNob3BlYXN5LmxvY2FsMIIBIjANBgkqhkiG9w0BAQEFAAOC\nAQ8AMIIBCgKCAQEAz5A2cb7/QfxdD6DqUlsI2t+ims7sky08DwKR2D8VFWNWjcKA\nVY8aSZTXQFcJKihePRS9jSyuUlcEgus34svGmdD2Duzp3nX7paws8BFl5ev33mEt\n76foCecUrwhUvD7+tV47Qq5Q0AMuOqMmas3WmDnEGJ0XqUoSxHY6bqi5dOYbrJ7b\nr8S0GvD1ZUnlqYTRsXEYH2qGFM8/+14SYeUqIuO3mK0nrjQ4//CUeDiCXwWIeIKX\nNHL/VeMDC3IoOFdRnmEZS2g+sFSAOWfIK76wKlANDXV2eCDunKELej/bQurxJQib\nBqWUpTGA6bM5/d1aya/UXOXWInFG4PfsTjnz0QIDAQABozUwMzAOBgNVHQ8BAf8E\nBAMCBaAwEwYDVR0lBAwwCgYIKwYBBQUHAwEwDAYDVR0TAQH/BAIwADANBgkqhkiG\n9w0BAQsFAAOCAQEAQKT/AEzDnfd1KnGpZyYuq3xC7dUf0tjYt3iHBcgKcGvEw8Sy\nlK612lTIjqP9M8nhY9kepIZf7xST///7Uwm3okDndgzeW4PF2Lmmrqt1nnGrPwyo\nIpQO3DlWIW/gXZtEjUq+3euKgXAwqztJWk6AZasMkl9k2KXox5tqddAB/Vh7pwFx\nT3C1KcbEkScYRrRt8WoOWDjWwhpvz1hl7pG0Fknukg1d8LvYiQJ3QdF9eD5ky7mj\n07zHxgVH5uyKs48RSwuxNY0gP9AG6eJfPy7PBQnBGPJTttlA4trZVW720A1CXgIH\nEq7euTlfSp4MLgqk3zXjMQHdVs24+OkO4Huapw==\n-----END CERTIFICATE-----\n",
            "dns_names": null,
            "early_renewal_hours": 0,
            "id": "326960945872816886579706344966588536791",
            "ip_addresses": null,
            "is_ca_certificate": false,
            "key_algorithm": "RSA",
            "max_path_length": null,
            "private_key_pem": "-----BEGIN RSA PRIVATE KEY-----\nMIIEogIBAAKCAQEAz5A2cb7/QfxdD6DqUlsI2t+ims7sky08DwKR2D8VFWNWjcKA\nVY8aSZTXQFcJKihePRS9jSyuUlcEgus34svGmdD2Duzp3nX7paws8BFl5ev33mEt\n76foCecUrwhUvD7+tV47Qq5Q0AMuOqMmas3WmDnEGJ0XqUoSxHY6bqi5dOYbrJ7b\nr8S0GvD1ZUnlqYTRsXEYH2qGFM8/+14SYeUqIuO3mK0nrjQ4//CUeDiCXwWIeIKX\nNHL/VeMDC3IoOFdRnmEZS2g+sFSAOWfIK76wKlANDXV2eCDunKELej/bQurxJQib\nBqWUpTGA6bM5/d1aya/UXOXWInFG4PfsTjnz0QIDAQABAoIBABPI9FedVCmPC7Pc\nq9lT0iFC5fYJuWVCD5KCtTI+uRzDzlFO8/qz3FadOHNqmHYLSQhbfMIDO06f+s8b\n6sTUlca9s2ay0IwjBOzC37m2ftcOyh7Jdp58i9K90yvoCGO1QYQ6Sj3N7egWFYcD\nXDscCdOS1g1elA3QAL/3YRSBQsRQqrb6uY3UUl5UrSnYGGFVZjbZX4UjEl6uZZvz\n5whhLvfN4cXHT5wxvsXPqPOy+lJxZezOcNAEsTAuGkUfmVuFVaiYexmUSrIFXcJn\niQBNUjuHTI9CqAQFLPhXseVRmO8xdgRU3Imqdk6ZouVyn/+URMKZgMiiSqWtxG3o\nvW2orZECgYEA/an1qK/qv//819q8TRt5mrQ5LkNEHR6N5lw865FGa2ZlGr5LP0wU\noxvMcvWMpqfyrDwMzch4MpwvKHK8mxyuT28/cg/5hE2julVpu+FEuwwTPec1neXo\nAw0qSCwEI8TH9fYewdAySJyieKJ0FmeBVbb9KkKDtY3obN3Nb2j07hUCgYEA0XmQ\n4FyX7VueHqrVoQUjx7gaRSRKfgkdkBw4Lstdp7TL6u7o63ofdsPKWqmQXCtNsSh8\n7tFCwGVQQT3H2XLBLd8NLQc/1giyVthXkmyO6swiKzUyuJ7Lljgw4f+yLbpHUlCF\nk5uMFz/CunRYCU+eGyqehxnOd0tebuee5bSKWc0CgYBZZeHPHpiULCq3BD7iyfEU\nhbm1RT2nKZKHAjDyMJPp2/976l7oou6PAYgPZ9y3C2+qJcu5ZpJ9+69fCPjRjc0c\n768jit+8MgSm8d0+usiXR00svuSVjmYzVRt2rhSTapGybJgwZCikkJdt/or9LmNV\nixU0JJb4kFe+rnjtb8cKdQKBgD2kvqOn2/W3nmJ79335Gzxsyx5Jvbo1SIPeKhJr\nOlZd+BxcziJtv9CdcXEYsSjOfYCC37EP18ryhZmNasBs6rhrCV+U4I5F5OV1qN+o\nHq6t/+gjMZfu8w5z3r7DFlYqmU5577Uucx1sYAuqrTWgPnDUK+6qA35LqbCNbM9A\nP+6JAoGADLvZ+zECyf/RcOVbkj/4rGlHRLuflKVkBBAqOHM+cslk7RWRhMF/uoSX\neFhwNHy0u/0kXy4E1Q2QmVoOk+Yb57MiZVRzy9aiRAyWOFJgQUtCR6V17Bxh/nwP\nz0o2eI9jvUtST1Lzn8S/QjMJz6JF+VZbxi11XFh2qmq58UggVjQ=\n-----END RSA PRIVATE KEY-----\n",
            "ready_for_renewal": false,
            "set_authority_key_id": false,
            "set_subject_key_id": false,
            "subject": [
              {
                "common_name": "shopeasy.local",
                "country": null,
                "email_address": null,
                "locality": null,
                "organization": "ShopEasy",
                "organizational_unit": null,
                "postal_code": null,
                "province": null,
                "serial_number": null,
                "street_address": null
              }
            ],
            "uris": null,
            "validity_end_time": "2027-06-16T22:17:42.3755472+08:00",
            "validity_period_hours": 8760,
            "validity_start_time": "2026-06-16T22:17:42.3755472+08:00"
          },
          "sensitive_attributes": [
            [
              {
                "type": "get_attr",
                "value": "private_key_pem"
              }
            ]
          ],
          "identity_schema_version": 0,
          "dependencies": [
            "tls_private_key.shopeasy_tls_key"
          ]
        }
      ]
    }
  ],
  "check_results": null
}
